PODS:
  - AFNetworking (2.6.3):
    - AFNetworking/NSURLConnection (= 2.6.3)
    - AFNetworking/NSURLSession (= 2.6.3)
    - AFNetworking/Reachability (= 2.6.3)
    - AFNetworking/Security (= 2.6.3)
    - AFNetworking/Serialization (= 2.6.3)
    - AFNetworking/UIKit (= 2.6.3)
  - AFNetworking/NSURLConnection (2.6.3):
    - AFNetworking/Reachability
    - AFNetworking/Security
    - AFNetworking/Serialization
  - AFNetworking/NSURLSession (2.6.3):
    - AFNetworking/Reachability
    - AFNetworking/Security
    - AFNetworking/Serialization
  - AFNetworking/Reachability (2.6.3)
  - AFNetworking/Security (2.6.3)
  - AFNetworking/Serialization (2.6.3)
  - AFNetworking/UIKit (2.6.3):
    - AFNetworking/NSURLConnection
    - AFNetworking/NSURLSession
  - AMapSearch (3.1.0)
  - ASIHTTPRequest:
    - Reachability (~> 3.2)
  - CocoaLumberjack (2.2.0):
    - CocoaLumberjack/Default (= 2.2.0)
    - CocoaLumberjack/Extensions (= 2.2.0)
  - CocoaLumberjack/Core (2.2.0)
  - CocoaLumberjack/Default (2.2.0):
    - CocoaLumberjack/Core
  - CocoaLumberjack/Extensions (2.2.0):
    - CocoaLumberjack/Default
  - EaseMobSDKFull (2.2.1)
  - EDStarRating (1.1)
  - HexColors (3.0.0)
  - JCTagListView (0.0.4)
  - JTSImageViewController (1.5.1)
  - LTNavigationBar (2.1.1)
  - Masonry (0.6.3)
  - MBProgressHUD (0.9.1)
  - MIBadgeButton (0.0.6)
  - MJRefresh (3.0.5)
  - Pingpp (2.1.4):
    - Pingpp/Alipay (= 2.1.4)
    - Pingpp/Core (= 2.1.4)
    - Pingpp/UnionPay (= 2.1.4)
    - Pingpp/Wx (= 2.1.4)
  - Pingpp/Alipay (2.1.4):
    - Pingpp/Core
  - Pingpp/Core (2.1.4)
  - Pingpp/UnionPay (2.1.4):
    - Pingpp/Core
  - Pingpp/Wx (2.1.4):
    - Pingpp/Core
  - Reachability (3.2)
  - SKTagView (0.7):
    - Masonry
  - SocketRocket (0.4.2)
  - SWTableViewCell (0.3.7)
  - XLPagerTabStrip (2.0.0)

DEPENDENCIES:
  - AFNetworking
  - AMapSearch
  - ASIHTTPRequest (from `https://github.com/hanton/asi-http-request`)
  - CocoaLumberjack
  - EaseMobSDKFull (from `https://github.com/easemob/sdk-ios-cocoapods-integration.git`)
  - EDStarRating
  - HexColors
  - JCTagListView
  - JTSImageViewController
  - LTNavigationBar
  - MBProgressHUD
  - MIBadgeButton
  - MJRefresh
  - Pingpp (~> 2.1.0)
  - SKTagView (from `https://github.com/hanton/SKTagView`, branch `master`)
  - SocketRocket
  - SWTableViewCell
  - XLPagerTabStrip

EXTERNAL SOURCES:
  ASIHTTPRequest:
    :git: https://github.com/hanton/asi-http-request
  EaseMobSDKFull:
    :git: https://github.com/easemob/sdk-ios-cocoapods-integration.git
  SKTagView:
    :branch: master
    :git: https://github.com/hanton/SKTagView

CHECKOUT OPTIONS:
  ASIHTTPRequest:
    :commit: ab2ddd63a6f33d55cfb8ece1a5d026b52445dfab
    :git: https://github.com/hanton/asi-http-request
  EaseMobSDKFull:
    :commit: c4a63a69518d396309e8d6c267f2756cac3877ee
    :git: https://github.com/easemob/sdk-ios-cocoapods-integration.git
  SKTagView:
    :commit: 29e0bcdbb112d80a84630de367b713c543c56e58
    :git: https://github.com/hanton/SKTagView

SPEC CHECKSUMS:
  AFNetworking: cb8d14a848e831097108418f5d49217339d4eb60
  AMapSearch: aa7621ae8aec9cb8df116710b26e3fe3d09dc0ff
  ASIHTTPRequest: b2fb6b7703472faf6571f128ef5d4ed0bd21a563
  CocoaLumberjack: 17fe8581f84914d5d7e6360f7c70022b173c3ae0
  EaseMobSDKFull: 4a18d6ad47b4ccca564833963511bddd151e1654
  EDStarRating: a41a6440a945020745d0e9ff8ada7d1afa952114
  HexColors: 8b83e3fe90c0d466dae7b98c9d22da95799f99cb
  JCTagListView: e267bb1e2f44555093d4d5ff5b95939c12ebd5ad
  JTSImageViewController: 1f8ce1cc93dab0d0af8e53badeea7528560cfec9
  LTNavigationBar: b1c15fdcc32453d84f8b9fc774fff611c184dfbb
  Masonry: ff105a956abcd19a618b2028b121cb638d7a8e2f
  MBProgressHUD: c47f2c166c126cf2ce36498d80f33e754d4e93ad
  MIBadgeButton: 96adf626951b013749d86e9ac252ee4673edbab8
  MJRefresh: 809ed03f2014275056c3d65e2812aef1ba5b0f98
  Pingpp: 08415163eb1791bc07d7d939f1648d2e36a30eda
  Reachability: 33e18b67625424e47b6cde6d202dce689ad7af96
  SKTagView: 33378cfeb717df04f77489605b013506e91d1da5
  SocketRocket: ffe08119b00ef982f6c37052a4705a057c8494ad
  SWTableViewCell: 2a94aadc9d47b2b611fa064566bf57948b95b579
  XLPagerTabStrip: 2c69b8e3208432a94e713c198ce597faad5a87bb

COCOAPODS: 0.38.2
