PODS:
  - AFNetworking (2.5.4):
    - AFNetworking/NSURLConnection (= 2.5.4)
    - AFNetworking/NSURLSession (= 2.5.4)
    - AFNetworking/Reachability (= 2.5.4)
    - AFNetworking/Security (= 2.5.4)
    - AFNetworking/Serialization (= 2.5.4)
    - AFNetworking/UIKit (= 2.5.4)
  - AFNetworking/NSURLConnection (2.5.4):
    - AFNetworking/Reachability
    - AFNetworking/Security
    - AFNetworking/Serialization
  - AFNetworking/NSURLSession (2.5.4):
    - AFNetworking/Reachability
    - AFNetworking/Security
    - AFNetworking/Serialization
  - AFNetworking/Reachability (2.5.4)
  - AFNetworking/Security (2.5.4)
  - AFNetworking/Serialization (2.5.4)
  - AFNetworking/UIKit (2.5.4):
    - AFNetworking/NSURLConnection
    - AFNetworking/NSURLSession
  - Colours (5.6.2)
  - DateTools (1.6.1)
  - EstimoteSDK (3.2.8)
  - MagicalRecord (2.3.0)
  - Masonry (0.6.1)
  - MBProgressHUD (0.9.1)
  - MessageDisplayKit (3.0.3)
  - MIBadgeButton (0.0.6)
  - MJExtension (2.3.6)
  - MJRefresh (2.0.4)
  - PKYStepper (0.0.1)
  - SDWebImage (3.7.2):
    - SDWebImage/Core (= 3.7.2)
  - SDWebImage/Core (3.7.2)
  - SKTagView (0.7):
    - Masonry
  - SocketRocket (0.2.0)
  - SSKeychain (1.2.3)
  - SWTableViewCell (0.3.7)
  - YXTMotionView (0.1)

DEPENDENCIES:
  - AFNetworking
  - Colours
  - DateTools
  - EstimoteSDK
  - MagicalRecord
  - MBProgressHUD
  - MessageDisplayKit (from `https://github.com/hanton/MessageDisplayKit.git`)
  - MIBadgeButton
  - MJExtension
  - MJRefresh
  - PKYStepper
  - SDWebImage (~> 3.7)
  - SKTagView
  - SocketRocket
  - SSKeychain (~> 1.2.3)
  - SWTableViewCell
  - YXTMotionView (from `https://github.com/hanton/YXTMotionView.git`)

EXTERNAL SOURCES:
  MessageDisplayKit:
    :git: https://github.com/hanton/MessageDisplayKit.git
  YXTMotionView:
    :git: https://github.com/hanton/YXTMotionView.git

CHECKOUT OPTIONS:
  MessageDisplayKit:
    :commit: 56f35fc2cef098fc0c152184f3d2e75f8f5dec43
    :git: https://github.com/hanton/MessageDisplayKit.git
  YXTMotionView:
    :commit: ae716657c67999a9d82da8891646c749e8fdf4be
    :git: https://github.com/hanton/YXTMotionView.git

SPEC CHECKSUMS:
  AFNetworking: 05edc0ac4c4c8cf57bcf4b84be5b0744b6d8e71e
  Colours: 0afd4c3429656880fd4cff350ca3bf0ab86ca348
  DateTools: 9bcc89e4f2f9004d8a7a2bd1b49269cf78968e65
  EstimoteSDK: e370ea3d31ef7373d41df9bd6fd1f6fc63a276cf
  MagicalRecord: 89eb7d7ead39fb37f01c3d010665ee94d17f8dba
  Masonry: 4972309f2f134de9dd312f4dc4a21359b50e6caa
  MBProgressHUD: c47f2c166c126cf2ce36498d80f33e754d4e93ad
  MessageDisplayKit: c82efa1d113740dea0bc23f72a919be037d2177c
  MIBadgeButton: 96adf626951b013749d86e9ac252ee4673edbab8
  MJExtension: eb9d381740563b520fbabdfa6caf92d666314467
  MJRefresh: ea153717001d3c02444bd22b75c111d2937d2104
  PKYStepper: 8dacefbddf9fa2b6aaec2ef828b46a78daa2db7d
  SDWebImage: 71b7cdc1d1721d6a82ed62889030225f2c249e29
  SKTagView: 1e89c1ce2292cf890610901d3621c55d1ed82379
  SocketRocket: 54a4ac2f354c4e8c51ef5dcd4a13bc556d4f2b7c
  SSKeychain: 3f42991739c6c60a9cf1bbd4dff6c0d3694bcf3d
  SWTableViewCell: 2a94aadc9d47b2b611fa064566bf57948b95b579
  YXTMotionView: 6a7d30ecbfe04f3a560d136c7fe211e33825df7e

COCOAPODS: 0.37.2
