// !$*UTF8*$!
{
	archiveVersion = 1;
	classes = {
	};
	objectVersion = 46;
	objects = {

/* Begin PBXBuildFile section */
		401BBF181B5B7C8800774502 /* Persistent.swift in Sources */ = {isa = PBXBuildFile; fileRef = 401BBF171B5B7C8800774502 /* Persistent.swift */; };
		401BBF1B1B5B7F6500774502 /* SVIP.xcdatamodeld in Sources */ = {isa = PBXBuildFile; fileRef = 401BBF191B5B7F6500774502 /* SVIP.xcdatamodeld */; };
		404C18401B5359E100F11122 /* ZKJSDiffie-HellmanProtocol.m in Sources */ = {isa = PBXBuildFile; fileRef = 404C183F1B5359E100F11122 /* ZKJSDiffie-HellmanProtocol.m */; };
		404C18461B535A5F00F11122 /* NSData+AES256.m in Sources */ = {isa = PBXBuildFile; fileRef = 404C18451B535A5F00F11122 /* NSData+AES256.m */; };
		404C184A1B53675300F11122 /* CompressingLogFileManager.m in Sources */ = {isa = PBXBuildFile; fileRef = 404C18491B53675300F11122 /* CompressingLogFileManager.m */; };
		404C184C1B5368FE00F11122 /* libz.dylib in Frameworks */ = {isa = PBXBuildFile; fileRef = 404C184B1B5368FE00F11122 /* libz.dylib */; };
		404C18501B53A46D00F11122 /* LogManager.swift in Sources */ = {isa = PBXBuildFile; fileRef = 404C184F1B53A46D00F11122 /* LogManager.swift */; };
		404C36D31B6B4AE200E8C227 /* Message.swift in Sources */ = {isa = PBXBuildFile; fileRef = 404C36D21B6B4AE200E8C227 /* Message.swift */; };
		404CF5D31B6758E900BCFB44 /* EncryptionTransformer.swift in Sources */ = {isa = PBXBuildFile; fileRef = 404CF5D21B6758E900BCFB44 /* EncryptionTransformer.swift */; };
		404CF5D51B676CC900BCFB44 /* EncryptionBinaryTransformer.swift in Sources */ = {isa = PBXBuildFile; fileRef = 404CF5D41B676CC900BCFB44 /* EncryptionBinaryTransformer.swift */; };
		405065F51B4CC23100DF25C0 /* JSHAnimator.m in Sources */ = {isa = PBXBuildFile; fileRef = 405065F41B4CC23100DF25C0 /* JSHAnimator.m */; };
		405266371B41279B00B277BE /* OrderListTVC.swift in Sources */ = {isa = PBXBuildFile; fileRef = 405266331B41279B00B277BE /* OrderListTVC.swift */; };
		4052663C1B4127B400B277BE /* OrderDetailVC.swift in Sources */ = {isa = PBXBuildFile; fileRef = 4052663A1B4127B400B277BE /* OrderDetailVC.swift */; };
		4052663D1B4127B400B277BE /* OrderDetailVC.xib in Resources */ = {isa = PBXBuildFile; fileRef = 4052663B1B4127B400B277BE /* OrderDetailVC.xib */; };
		405266401B4127C500B277BE /* BookingOrderDetailVC.swift in Sources */ = {isa = PBXBuildFile; fileRef = 4052663E1B4127C500B277BE /* BookingOrderDetailVC.swift */; };
		405266411B4127C500B277BE /* BookingOrderDetailVC.xib in Resources */ = {isa = PBXBuildFile; fileRef = 4052663F1B4127C500B277BE /* BookingOrderDetailVC.xib */; };
		405266491B4127F600B277BE /* ChatTVC.swift in Sources */ = {isa = PBXBuildFile; fileRef = 405266431B4127F600B277BE /* ChatTVC.swift */; };
		4052664A1B4127F600B277BE /* MessageCenterTVC.swift in Sources */ = {isa = PBXBuildFile; fileRef = 405266441B4127F600B277BE /* MessageCenterTVC.swift */; };
		405266511B41283900B277BE /* MainVC.swift in Sources */ = {isa = PBXBuildFile; fileRef = 4052664E1B41283900B277BE /* MainVC.swift */; };
		405266521B41283900B277BE /* MainVC.xib in Resources */ = {isa = PBXBuildFile; fileRef = 4052664F1B41283900B277BE /* MainVC.xib */; };
		405266561B4128E900B277BE /* OrderCell.swift in Sources */ = {isa = PBXBuildFile; fileRef = 405266541B4128E900B277BE /* OrderCell.swift */; };
		405266571B4128E900B277BE /* OrderCell.xib in Resources */ = {isa = PBXBuildFile; fileRef = 405266551B4128E900B277BE /* OrderCell.xib */; };
		4052665B1B4128F900B277BE /* HotelMessageCell.swift in Sources */ = {isa = PBXBuildFile; fileRef = 405266591B4128F900B277BE /* HotelMessageCell.swift */; };
		4052665C1B4128F900B277BE /* HotelMessageCell.xib in Resources */ = {isa = PBXBuildFile; fileRef = 4052665A1B4128F900B277BE /* HotelMessageCell.xib */; };
		405266661B41470F00B277BE /* OrderListHeaderView.swift in Sources */ = {isa = PBXBuildFile; fileRef = 405266641B41470F00B277BE /* OrderListHeaderView.swift */; };
		405266671B41470F00B277BE /* OrderListHeaderView.xib in Resources */ = {isa = PBXBuildFile; fileRef = 405266651B41470F00B277BE /* OrderListHeaderView.xib */; };
		4053EB3C1B480B09009B0DE1 /* StorageManager.swift in Sources */ = {isa = PBXBuildFile; fileRef = 4053EB3B1B480B09009B0DE1 /* StorageManager.swift */; };
		405BC0FC1B42495F00081C0A /* DotLine.swift in Sources */ = {isa = PBXBuildFile; fileRef = 405BC0FB1B42495F00081C0A /* DotLine.swift */; };
		40641EFE1B3E569700CF150D /* AppDelegate.swift in Sources */ = {isa = PBXBuildFile; fileRef = 40641EFD1B3E569700CF150D /* AppDelegate.swift */; };
		40641F051B3E569700CF150D /* Images.xcassets in Resources */ = {isa = PBXBuildFile; fileRef = 40641F041B3E569700CF150D /* Images.xcassets */; };
		40641F081B3E569700CF150D /* LaunchScreen.xib in Resources */ = {isa = PBXBuildFile; fileRef = 40641F061B3E569700CF150D /* LaunchScreen.xib */; };
		40641F141B3E569800CF150D /* SVIPTests.swift in Sources */ = {isa = PBXBuildFile; fileRef = 40641F131B3E569800CF150D /* SVIPTests.swift */; };
		40641F9D1B3E79A300CF150D /* NSString+ZKJS.m in Sources */ = {isa = PBXBuildFile; fileRef = 40641F891B3E79A300CF150D /* NSString+ZKJS.m */; };
		40641F9E1B3E79A300CF150D /* UIImage+ZKJS.m in Sources */ = {isa = PBXBuildFile; fileRef = 40641F8B1B3E79A300CF150D /* UIImage+ZKJS.m */; };
		40641FA01B3E79A300CF150D /* HTTPSessionManager.swift in Sources */ = {isa = PBXBuildFile; fileRef = 40641F901B3E79A300CF150D /* HTTPSessionManager.swift */; };
		40641FA11B3E79A300CF150D /* ZKJSHTTPSessionManager.m in Sources */ = {isa = PBXBuildFile; fileRef = 40641F931B3E79A300CF150D /* ZKJSHTTPSessionManager.m */; };
		40641FA21B3E79A300CF150D /* ZKJSHTTPSMSSessionManager.m in Sources */ = {isa = PBXBuildFile; fileRef = 40641F951B3E79A300CF150D /* ZKJSHTTPSMSSessionManager.m */; };
		40641FA31B3E79A300CF150D /* ZKJSTCPSessionManager.m in Sources */ = {isa = PBXBuildFile; fileRef = 40641F971B3E79A300CF150D /* ZKJSTCPSessionManager.m */; };
		40641FA51B3E79A300CF150D /* ZKJSTool.m in Sources */ = {isa = PBXBuildFile; fileRef = 40641F9C1B3E79A300CF150D /* ZKJSTool.m */; };
		407761881B4905E7009B6FE9 /* RuleEngine.swift in Sources */ = {isa = PBXBuildFile; fileRef = 407761871B4905E7009B6FE9 /* RuleEngine.swift */; };
		40DA7A031B463E850097CE3D /* JSHChatVC.m in Sources */ = {isa = PBXBuildFile; fileRef = 40DA7A021B463E850097CE3D /* JSHChatVC.m */; };
		40E686F81B45297400C9725B /* BookingOrder.swift in Sources */ = {isa = PBXBuildFile; fileRef = 40E686F71B45297400C9725B /* BookingOrder.swift */; };
		B201C2871B65D225004CA10C /* JSHCellModel.m in Sources */ = {isa = PBXBuildFile; fileRef = B201C27D1B65D225004CA10C /* JSHCellModel.m */; };
		B201C2881B65D225004CA10C /* JSHInfoEditCell.m in Sources */ = {isa = PBXBuildFile; fileRef = B201C27F1B65D225004CA10C /* JSHInfoEditCell.m */; };
		B201C2891B65D225004CA10C /* JSHInfoEditCell.xib in Resources */ = {isa = PBXBuildFile; fileRef = B201C2801B65D225004CA10C /* JSHInfoEditCell.xib */; };
		B201C28A1B65D225004CA10C /* JSHInfoEditLabelLevel1Model.m in Sources */ = {isa = PBXBuildFile; fileRef = B201C2821B65D225004CA10C /* JSHInfoEditLabelLevel1Model.m */; };
		B201C28B1B65D225004CA10C /* JSHSectionModel.m in Sources */ = {isa = PBXBuildFile; fileRef = B201C2841B65D225004CA10C /* JSHSectionModel.m */; };
		B201C28C1B65D225004CA10C /* JSHUserInfo.m in Sources */ = {isa = PBXBuildFile; fileRef = B201C2861B65D225004CA10C /* JSHUserInfo.m */; };
		B21250B11B74586F0056835D /* LoginManager.swift in Sources */ = {isa = PBXBuildFile; fileRef = B21250B01B74586F0056835D /* LoginManager.swift */; };
		B21250BC1B7484F80056835D /* LeftMenuVC.swift in Sources */ = {isa = PBXBuildFile; fileRef = B21250BA1B7484F80056835D /* LeftMenuVC.swift */; };
		B21250BD1B7484F80056835D /* LeftMenuVC.xib in Resources */ = {isa = PBXBuildFile; fileRef = B21250BB1B7484F80056835D /* LeftMenuVC.xib */; };
		B21250C01B7487B90056835D /* LeftMenu.plist in Resources */ = {isa = PBXBuildFile; fileRef = B21250BF1B7487B90056835D /* LeftMenu.plist */; };
		B21250C21B7496610056835D /* BookListRightMenuVC.swift in Sources */ = {isa = PBXBuildFile; fileRef = B21250C11B7496610056835D /* BookListRightMenuVC.swift */; };
		B21250C41B74A1A50056835D /* BookListRightMenuCell.xib in Resources */ = {isa = PBXBuildFile; fileRef = B21250C31B74A1A50056835D /* BookListRightMenuCell.xib */; };
		B23E537C1B4BB64C00CB7761 /* base64.m in Sources */ = {isa = PBXBuildFile; fileRef = B23E536C1B4BB64C00CB7761 /* base64.m */; };
		B23E537D1B4BB64C00CB7761 /* DataSigner.m in Sources */ = {isa = PBXBuildFile; fileRef = B23E536F1B4BB64C00CB7761 /* DataSigner.m */; };
		B23E537E1B4BB64C00CB7761 /* DataVerifier.m in Sources */ = {isa = PBXBuildFile; fileRef = B23E53711B4BB64C00CB7761 /* DataVerifier.m */; };
		B23E537F1B4BB64C00CB7761 /* MD5DataSigner.m in Sources */ = {isa = PBXBuildFile; fileRef = B23E53731B4BB64C00CB7761 /* MD5DataSigner.m */; };
		B23E53801B4BB64C00CB7761 /* NSDataEx.m in Sources */ = {isa = PBXBuildFile; fileRef = B23E53751B4BB64C00CB7761 /* NSDataEx.m */; };
		B23E53811B4BB64C00CB7761 /* openssl_wrapper.m in Sources */ = {isa = PBXBuildFile; fileRef = B23E53771B4BB64C00CB7761 /* openssl_wrapper.m */; };
		B23E53821B4BB64C00CB7761 /* RSADataSigner.m in Sources */ = {isa = PBXBuildFile; fileRef = B23E53791B4BB64C00CB7761 /* RSADataSigner.m */; };
		B23E53831B4BB64C00CB7761 /* RSADataVerifier.m in Sources */ = {isa = PBXBuildFile; fileRef = B23E537B1B4BB64C00CB7761 /* RSADataVerifier.m */; };
		B23E53851B4BBB1500CB7761 /* SystemConfiguration.framework in Frameworks */ = {isa = PBXBuildFile; fileRef = B23E53841B4BBB1500CB7761 /* SystemConfiguration.framework */; };
		B23E53D51B4BC12B00CB7761 /* openssl.framework in Frameworks */ = {isa = PBXBuildFile; fileRef = B23E53D41B4BC12B00CB7761 /* openssl.framework */; };
		B2564D431B4BFAED0098608F /* JSHAnimationVC.m in Sources */ = {isa = PBXBuildFile; fileRef = B2564D381B4BFAED0098608F /* JSHAnimationVC.m */; };
		B2564D441B4BFAED0098608F /* JSHHotelRegisterVC.m in Sources */ = {isa = PBXBuildFile; fileRef = B2564D3A1B4BFAED0098608F /* JSHHotelRegisterVC.m */; };
		B2564D451B4BFAED0098608F /* JSHHotelRegisterVC.xib in Resources */ = {isa = PBXBuildFile; fileRef = B2564D3B1B4BFAED0098608F /* JSHHotelRegisterVC.xib */; };
		B2564D461B4BFAED0098608F /* JSHAccountManager.m in Sources */ = {isa = PBXBuildFile; fileRef = B2564D3E1B4BFAED0098608F /* JSHAccountManager.m */; };
		B2564D471B4BFAED0098608F /* JSHRegisterAnimationView.m in Sources */ = {isa = PBXBuildFile; fileRef = B2564D411B4BFAED0098608F /* JSHRegisterAnimationView.m */; };
		B2564D481B4BFAED0098608F /* RegisterAnimationView.xib in Resources */ = {isa = PBXBuildFile; fileRef = B2564D421B4BFAED0098608F /* RegisterAnimationView.xib */; };
		B2564D4B1B4BFC370098608F /* JSHTextField.m in Sources */ = {isa = PBXBuildFile; fileRef = B2564D4A1B4BFC370098608F /* JSHTextField.m */; };
		B2564D4E1B4BFC470098608F /* JSHRoundRectButton.m in Sources */ = {isa = PBXBuildFile; fileRef = B2564D4D1B4BFC470098608F /* JSHRoundRectButton.m */; };
		B2564D721B4BFE070098608F /* JSHInfoEditVC.m in Sources */ = {isa = PBXBuildFile; fileRef = B2564D541B4BFE070098608F /* JSHInfoEditVC.m */; };
		B2564D741B4BFE070098608F /* JSHBaseInfo.m in Sources */ = {isa = PBXBuildFile; fileRef = B2564D581B4BFE070098608F /* JSHBaseInfo.m */; };
		B2564D761B4BFE070098608F /* JSHInfoEditHeaderFrame.m in Sources */ = {isa = PBXBuildFile; fileRef = B2564D5C1B4BFE070098608F /* JSHInfoEditHeaderFrame.m */; };
		B2564D781B4BFE070098608F /* JSHInfoEditSelection.plist in Resources */ = {isa = PBXBuildFile; fileRef = B2564D5F1B4BFE070098608F /* JSHInfoEditSelection.plist */; };
		B2564D7E1B4BFE070098608F /* JSHInfoEditHeader.m in Sources */ = {isa = PBXBuildFile; fileRef = B2564D6B1B4BFE070098608F /* JSHInfoEditHeader.m */; };
		B2564D841B4C012C0098608F /* JSHStorage.m in Sources */ = {isa = PBXBuildFile; fileRef = B2564D831B4C012C0098608F /* JSHStorage.m */; };
		B2564D871B4C017F0098608F /* NSString+JSH.m in Sources */ = {isa = PBXBuildFile; fileRef = B2564D861B4C017F0098608F /* NSString+JSH.m */; };
		B26C0E201B5FBC1A00F8AE46 /* BookHotelListTVC.swift in Sources */ = {isa = PBXBuildFile; fileRef = B26C0E1F1B5FBC1A00F8AE46 /* BookHotelListTVC.swift */; };
		B26C0E241B5FBC9F00F8AE46 /* BookHotelListCell.xib in Resources */ = {isa = PBXBuildFile; fileRef = B26C0E231B5FBC9F00F8AE46 /* BookHotelListCell.xib */; };
		B270040A1B608ABF00B1BEA7 /* Hotel.swift in Sources */ = {isa = PBXBuildFile; fileRef = B27004091B608ABF00B1BEA7 /* Hotel.swift */; };
		B277F8C51B4A59AA00A9F858 /* UIImageEffects.m in Sources */ = {isa = PBXBuildFile; fileRef = B277F8C21B4A59AA00A9F858 /* UIImageEffects.m */; };
		B277F8C61B4A59AA00A9F858 /* BlurDatePickerView.m in Sources */ = {isa = PBXBuildFile; fileRef = B277F8C41B4A59AA00A9F858 /* BlurDatePickerView.m */; };
		B277F8C81B4A5D3900A9F858 /* BookDateButton.swift in Sources */ = {isa = PBXBuildFile; fileRef = B277F8C71B4A5D3900A9F858 /* BookDateButton.swift */; };
		B2A6421E1B47C2A700AF0F28 /* BookConfirmVC.swift in Sources */ = {isa = PBXBuildFile; fileRef = B2A642111B47C2A700AF0F28 /* BookConfirmVC.swift */; };
		B2A6421F1B47C2A700AF0F28 /* BookPayVC.swift in Sources */ = {isa = PBXBuildFile; fileRef = B2A642121B47C2A700AF0F28 /* BookPayVC.swift */; };
		B2A642201B47C2A700AF0F28 /* BookVC.swift in Sources */ = {isa = PBXBuildFile; fileRef = B2A642131B47C2A700AF0F28 /* BookVC.swift */; };
		B2A642211B47C2A700AF0F28 /* RoomGoods.swift in Sources */ = {isa = PBXBuildFile; fileRef = B2A642151B47C2A700AF0F28 /* RoomGoods.swift */; };
		B2A642221B47C2A700AF0F28 /* BookConfirmVC.xib in Resources */ = {isa = PBXBuildFile; fileRef = B2A642171B47C2A700AF0F28 /* BookConfirmVC.xib */; };
		B2A642231B47C2A700AF0F28 /* BookItemButton.swift in Sources */ = {isa = PBXBuildFile; fileRef = B2A642181B47C2A700AF0F28 /* BookItemButton.swift */; };
		B2A642241B47C2A700AF0F28 /* BookPayVC.xib in Resources */ = {isa = PBXBuildFile; fileRef = B2A642191B47C2A700AF0F28 /* BookPayVC.xib */; };
		B2A642251B47C2A700AF0F28 /* BookRoomCell.swift in Sources */ = {isa = PBXBuildFile; fileRef = B2A6421A1B47C2A700AF0F28 /* BookRoomCell.swift */; };
		B2A642261B47C2A700AF0F28 /* BookRoomCell.xib in Resources */ = {isa = PBXBuildFile; fileRef = B2A6421B1B47C2A700AF0F28 /* BookRoomCell.xib */; };
		B2A642271B47C2A700AF0F28 /* BookVC.xib in Resources */ = {isa = PBXBuildFile; fileRef = B2A6421C1B47C2A700AF0F28 /* BookVC.xib */; };
		B2B2EC3D1B73493D00CA5158 /* libc++.dylib in Frameworks */ = {isa = PBXBuildFile; fileRef = B2B2EC3C1B73493D00CA5158 /* libc++.dylib */; };
		B2B2EC3F1B73494E00CA5158 /* libsqlite3.0.dylib in Frameworks */ = {isa = PBXBuildFile; fileRef = B2B2EC3E1B73494E00CA5158 /* libsqlite3.0.dylib */; };
		B2F4716A1B4B6CF0005122BB /* AlipaySDK.bundle in Resources */ = {isa = PBXBuildFile; fileRef = B2F471681B4B6CF0005122BB /* AlipaySDK.bundle */; };
		B2F4716B1B4B6CF0005122BB /* AlipaySDK.framework in Frameworks */ = {isa = PBXBuildFile; fileRef = B2F471691B4B6CF0005122BB /* AlipaySDK.framework */; };
		B2F471711B4B7B21005122BB /* AlipayOrder.m in Sources */ = {isa = PBXBuildFile; fileRef = B2F471701B4B7B21005122BB /* AlipayOrder.m */; };
		B2F49EAC1B7347A200556AE2 /* UMSocialLocalizable.strings in Resources */ = {isa = PBXBuildFile; fileRef = B2F49E8B1B7347A200556AE2 /* UMSocialLocalizable.strings */; };
		B2F49EAD1B7347A200556AE2 /* libUMSocial_Sdk_4.2.3.a in Frameworks */ = {isa = PBXBuildFile; fileRef = B2F49E991B7347A200556AE2 /* libUMSocial_Sdk_4.2.3.a */; };
		B2F49EAE1B7347A200556AE2 /* UMSCommentDetailController.xib in Resources */ = {isa = PBXBuildFile; fileRef = B2F49E9B1B7347A200556AE2 /* UMSCommentDetailController.xib */; };
		B2F49EAF1B7347A200556AE2 /* UMSCommentInputController.xib in Resources */ = {isa = PBXBuildFile; fileRef = B2F49E9C1B7347A200556AE2 /* UMSCommentInputController.xib */; };
		B2F49EB01B7347A200556AE2 /* UMSCommentInputControlleriPad.xib in Resources */ = {isa = PBXBuildFile; fileRef = B2F49E9D1B7347A200556AE2 /* UMSCommentInputControlleriPad.xib */; };
		B2F49EB11B7347A200556AE2 /* UMShareEditViewController.xib in Resources */ = {isa = PBXBuildFile; fileRef = B2F49E9E1B7347A200556AE2 /* UMShareEditViewController.xib */; };
		B2F49EB21B7347A200556AE2 /* UMShareEditViewControlleriPad.xib in Resources */ = {isa = PBXBuildFile; fileRef = B2F49E9F1B7347A200556AE2 /* UMShareEditViewControlleriPad.xib */; };
		B2F49EB31B7347A200556AE2 /* UMSLoginViewController.xib in Resources */ = {isa = PBXBuildFile; fileRef = B2F49EA01B7347A200556AE2 /* UMSLoginViewController.xib */; };
		B2F49EB41B7347A200556AE2 /* UMSnsAccountViewController.xib in Resources */ = {isa = PBXBuildFile; fileRef = B2F49EA11B7347A200556AE2 /* UMSnsAccountViewController.xib */; };
		B2F49EB51B7347A200556AE2 /* UMSShareListController.xib in Resources */ = {isa = PBXBuildFile; fileRef = B2F49EA21B7347A200556AE2 /* UMSShareListController.xib */; };
		B2F49EB61B7347A200556AE2 /* UMSocialSDKResourcesNew.bundle in Resources */ = {isa = PBXBuildFile; fileRef = B2F49EA31B7347A200556AE2 /* UMSocialSDKResourcesNew.bundle */; };
		B2F49EB71B7347A200556AE2 /* libSocialWechat.a in Frameworks */ = {isa = PBXBuildFile; fileRef = B2F49EA71B7347A200556AE2 /* libSocialWechat.a */; };
		B2F49EB81B7347A200556AE2 /* libWeChatSDK.a in Frameworks */ = {isa = PBXBuildFile; fileRef = B2F49EA81B7347A200556AE2 /* libWeChatSDK.a */; };
		B2FF5A0C1B4918AC00139E49 /* BookOrder.swift in Sources */ = {isa = PBXBuildFile; fileRef = B2FF5A0B1B4918AC00139E49 /* BookOrder.swift */; };
		C0C5BA42D3F8EB7E7B899613 /* libPods-SVIP.a in Frameworks */ = {isa = PBXBuildFile; fileRef = 46501E00CF356A221CE759C9 /* libPods-SVIP.a */; };
/* End PBXBuildFile section */

/* Begin PBXContainerItemProxy section */
		40641F0E1B3E569800CF150D /* PBXContainerItemProxy */ = {
			isa = PBXContainerItemProxy;
			containerPortal = 40641EF01B3E569700CF150D /* Project object */;
			proxyType = 1;
			remoteGlobalIDString = 40641EF71B3E569700CF150D;
			remoteInfo = SVIP;
		};
/* End PBXContainerItemProxy section */

/* Begin PBXFileReference section */
		401BBF171B5B7C8800774502 /* Persistent.swift */ = {isa = PBXFileReference; fileEncoding = 4; lastKnownFileType = sourcecode.swift; path = Persistent.swift; sourceTree = "<group>"; };
		401BBF1A1B5B7F6500774502 /* SVIP.xcdatamodel */ = {isa = PBXFileReference; lastKnownFileType = wrapper.xcdatamodel; path = SVIP.xcdatamodel; sourceTree = "<group>"; };
		404C183E1B5359E100F11122 /* ZKJSDiffie-HellmanProtocol.h */ = {isa = PBXFileReference; fileEncoding = 4; lastKnownFileType = sourcecode.c.h; path = "ZKJSDiffie-HellmanProtocol.h"; sourceTree = "<group>"; };
		404C183F1B5359E100F11122 /* ZKJSDiffie-HellmanProtocol.m */ = {isa = PBXFileReference; fileEncoding = 4; lastKnownFileType = sourcecode.c.objc; path = "ZKJSDiffie-HellmanProtocol.m"; sourceTree = "<group>"; };
		404C18441B535A5F00F11122 /* NSData+AES256.h */ = {isa = PBXFileReference; fileEncoding = 4; lastKnownFileType = sourcecode.c.h; path = "NSData+AES256.h"; sourceTree = "<group>"; };
		404C18451B535A5F00F11122 /* NSData+AES256.m */ = {isa = PBXFileReference; fileEncoding = 4; lastKnownFileType = sourcecode.c.objc; path = "NSData+AES256.m"; sourceTree = "<group>"; };
		404C18481B53675300F11122 /* CompressingLogFileManager.h */ = {isa = PBXFileReference; fileEncoding = 4; lastKnownFileType = sourcecode.c.h; path = CompressingLogFileManager.h; sourceTree = "<group>"; };
		404C18491B53675300F11122 /* CompressingLogFileManager.m */ = {isa = PBXFileReference; fileEncoding = 4; lastKnownFileType = sourcecode.c.objc; path = CompressingLogFileManager.m; sourceTree = "<group>"; };
		404C184B1B5368FE00F11122 /* libz.dylib */ = {isa = PBXFileReference; lastKnownFileType = "compiled.mach-o.dylib"; name = libz.dylib; path = usr/lib/libz.dylib; sourceTree = SDKROOT; };
		404C184F1B53A46D00F11122 /* LogManager.swift */ = {isa = PBXFileReference; fileEncoding = 4; lastKnownFileType = sourcecode.swift; name = LogManager.swift; path = Helper/LogManager.swift; sourceTree = "<group>"; };
		404C36D21B6B4AE200E8C227 /* Message.swift */ = {isa = PBXFileReference; fileEncoding = 4; lastKnownFileType = sourcecode.swift; path = Message.swift; sourceTree = "<group>"; };
		404CF5D21B6758E900BCFB44 /* EncryptionTransformer.swift */ = {isa = PBXFileReference; fileEncoding = 4; lastKnownFileType = sourcecode.swift; name = EncryptionTransformer.swift; path = Helper/EncryptionTransformer.swift; sourceTree = "<group>"; };
		404CF5D41B676CC900BCFB44 /* EncryptionBinaryTransformer.swift */ = {isa = PBXFileReference; fileEncoding = 4; lastKnownFileType = sourcecode.swift; name = EncryptionBinaryTransformer.swift; path = Helper/EncryptionBinaryTransformer.swift; sourceTree = "<group>"; };
		405065F31B4CC23100DF25C0 /* JSHAnimator.h */ = {isa = PBXFileReference; fileEncoding = 4; lastKnownFileType = sourcecode.c.h; path = JSHAnimator.h; sourceTree = "<group>"; };
		405065F41B4CC23100DF25C0 /* JSHAnimator.m */ = {isa = PBXFileReference; fileEncoding = 4; lastKnownFileType = sourcecode.c.objc; path = JSHAnimator.m; sourceTree = "<group>"; };
		405266331B41279B00B277BE /* OrderListTVC.swift */ = {isa = PBXFileReference; fileEncoding = 4; lastKnownFileType = sourcecode.swift; path = OrderListTVC.swift; sourceTree = "<group>"; };
		4052663A1B4127B400B277BE /* OrderDetailVC.swift */ = {isa = PBXFileReference; fileEncoding = 4; lastKnownFileType = sourcecode.swift; path = OrderDetailVC.swift; sourceTree = "<group>"; };
		4052663B1B4127B400B277BE /* OrderDetailVC.xib */ = {isa = PBXFileReference; fileEncoding = 4; lastKnownFileType = file.xib; path = OrderDetailVC.xib; sourceTree = "<group>"; };
		4052663E1B4127C500B277BE /* BookingOrderDetailVC.swift */ = {isa = PBXFileReference; fileEncoding = 4; lastKnownFileType = sourcecode.swift; path = BookingOrderDetailVC.swift; sourceTree = "<group>"; };
		4052663F1B4127C500B277BE /* BookingOrderDetailVC.xib */ = {isa = PBXFileReference; fileEncoding = 4; lastKnownFileType = file.xib; path = BookingOrderDetailVC.xib; sourceTree = "<group>"; };
		405266431B4127F600B277BE /* ChatTVC.swift */ = {isa = PBXFileReference; fileEncoding = 4; lastKnownFileType = sourcecode.swift; path = ChatTVC.swift; sourceTree = "<group>"; };
		405266441B4127F600B277BE /* MessageCenterTVC.swift */ = {isa = PBXFileReference; fileEncoding = 4; lastKnownFileType = sourcecode.swift; path = MessageCenterTVC.swift; sourceTree = "<group>"; };
		4052664E1B41283900B277BE /* MainVC.swift */ = {isa = PBXFileReference; fileEncoding = 4; lastKnownFileType = sourcecode.swift; path = MainVC.swift; sourceTree = "<group>"; };
		4052664F1B41283900B277BE /* MainVC.xib */ = {isa = PBXFileReference; fileEncoding = 4; lastKnownFileType = file.xib; path = MainVC.xib; sourceTree = "<group>"; };
		405266541B4128E900B277BE /* OrderCell.swift */ = {isa = PBXFileReference; fileEncoding = 4; lastKnownFileType = sourcecode.swift; path = OrderCell.swift; sourceTree = "<group>"; };
		405266551B4128E900B277BE /* OrderCell.xib */ = {isa = PBXFileReference; fileEncoding = 4; lastKnownFileType = file.xib; path = OrderCell.xib; sourceTree = "<group>"; };
		405266591B4128F900B277BE /* HotelMessageCell.swift */ = {isa = PBXFileReference; fileEncoding = 4; lastKnownFileType = sourcecode.swift; path = HotelMessageCell.swift; sourceTree = "<group>"; };
		4052665A1B4128F900B277BE /* HotelMessageCell.xib */ = {isa = PBXFileReference; fileEncoding = 4; lastKnownFileType = file.xib; path = HotelMessageCell.xib; sourceTree = "<group>"; };
		405266641B41470F00B277BE /* OrderListHeaderView.swift */ = {isa = PBXFileReference; fileEncoding = 4; lastKnownFileType = sourcecode.swift; path = OrderListHeaderView.swift; sourceTree = "<group>"; };
		405266651B41470F00B277BE /* OrderListHeaderView.xib */ = {isa = PBXFileReference; fileEncoding = 4; lastKnownFileType = file.xib; path = OrderListHeaderView.xib; sourceTree = "<group>"; };
		4053EB3B1B480B09009B0DE1 /* StorageManager.swift */ = {isa = PBXFileReference; fileEncoding = 4; lastKnownFileType = sourcecode.swift; name = StorageManager.swift; path = Helper/StorageManager.swift; sourceTree = "<group>"; };
		405BC0FB1B42495F00081C0A /* DotLine.swift */ = {isa = PBXFileReference; fileEncoding = 4; lastKnownFileType = sourcecode.swift; path = DotLine.swift; sourceTree = "<group>"; };
		40641EF81B3E569700CF150D /* SVIP.app */ = {isa = PBXFileReference; explicitFileType = wrapper.application; includeInIndex = 0; path = SVIP.app; sourceTree = BUILT_PRODUCTS_DIR; };
		40641EFC1B3E569700CF150D /* Info.plist */ = {isa = PBXFileReference; lastKnownFileType = text.plist.xml; path = Info.plist; sourceTree = "<group>"; };
		40641EFD1B3E569700CF150D /* AppDelegate.swift */ = {isa = PBXFileReference; lastKnownFileType = sourcecode.swift; path = AppDelegate.swift; sourceTree = "<group>"; };
		40641F041B3E569700CF150D /* Images.xcassets */ = {isa = PBXFileReference; lastKnownFileType = folder.assetcatalog; path = Images.xcassets; sourceTree = "<group>"; };
		40641F071B3E569700CF150D /* Base */ = {isa = PBXFileReference; lastKnownFileType = file.xib; name = Base; path = Base.lproj/LaunchScreen.xib; sourceTree = "<group>"; };
		40641F0D1B3E569800CF150D /* SVIPTests.xctest */ = {isa = PBXFileReference; explicitFileType = wrapper.cfbundle; includeInIndex = 0; path = SVIPTests.xctest; sourceTree = BUILT_PRODUCTS_DIR; };
		40641F121B3E569800CF150D /* Info.plist */ = {isa = PBXFileReference; lastKnownFileType = text.plist.xml; path = Info.plist; sourceTree = "<group>"; };
		40641F131B3E569800CF150D /* SVIPTests.swift */ = {isa = PBXFileReference; lastKnownFileType = sourcecode.swift; path = SVIPTests.swift; sourceTree = "<group>"; };
		40641F821B3E796D00CF150D /* SVIP-Bridging-Header.h */ = {isa = PBXFileReference; lastKnownFileType = sourcecode.c.h; path = "SVIP-Bridging-Header.h"; sourceTree = "<group>"; };
		40641F881B3E79A300CF150D /* NSString+ZKJS.h */ = {isa = PBXFileReference; fileEncoding = 4; lastKnownFileType = sourcecode.c.h; path = "NSString+ZKJS.h"; sourceTree = "<group>"; };
		40641F891B3E79A300CF150D /* NSString+ZKJS.m */ = {isa = PBXFileReference; fileEncoding = 4; lastKnownFileType = sourcecode.c.objc; path = "NSString+ZKJS.m"; sourceTree = "<group>"; };
		40641F8A1B3E79A300CF150D /* UIImage+ZKJS.h */ = {isa = PBXFileReference; fileEncoding = 4; lastKnownFileType = sourcecode.c.h; path = "UIImage+ZKJS.h"; sourceTree = "<group>"; };
		40641F8B1B3E79A300CF150D /* UIImage+ZKJS.m */ = {isa = PBXFileReference; fileEncoding = 4; lastKnownFileType = sourcecode.c.objc; path = "UIImage+ZKJS.m"; sourceTree = "<group>"; };
		40641F901B3E79A300CF150D /* HTTPSessionManager.swift */ = {isa = PBXFileReference; fileEncoding = 4; lastKnownFileType = sourcecode.swift; path = HTTPSessionManager.swift; sourceTree = "<group>"; };
		40641F911B3E79A300CF150D /* Networkcfg.h */ = {isa = PBXFileReference; fileEncoding = 4; lastKnownFileType = sourcecode.c.h; path = Networkcfg.h; sourceTree = "<group>"; };
		40641F921B3E79A300CF150D /* ZKJSHTTPSessionManager.h */ = {isa = PBXFileReference; fileEncoding = 4; lastKnownFileType = sourcecode.c.h; path = ZKJSHTTPSessionManager.h; sourceTree = "<group>"; };
		40641F931B3E79A300CF150D /* ZKJSHTTPSessionManager.m */ = {isa = PBXFileReference; fileEncoding = 4; lastKnownFileType = sourcecode.c.objc; path = ZKJSHTTPSessionManager.m; sourceTree = "<group>"; };
		40641F941B3E79A300CF150D /* ZKJSHTTPSMSSessionManager.h */ = {isa = PBXFileReference; fileEncoding = 4; lastKnownFileType = sourcecode.c.h; path = ZKJSHTTPSMSSessionManager.h; sourceTree = "<group>"; };
		40641F951B3E79A300CF150D /* ZKJSHTTPSMSSessionManager.m */ = {isa = PBXFileReference; fileEncoding = 4; lastKnownFileType = sourcecode.c.objc; path = ZKJSHTTPSMSSessionManager.m; sourceTree = "<group>"; };
		40641F961B3E79A300CF150D /* ZKJSTCPSessionManager.h */ = {isa = PBXFileReference; fileEncoding = 4; lastKnownFileType = sourcecode.c.h; path = ZKJSTCPSessionManager.h; sourceTree = "<group>"; };
		40641F971B3E79A300CF150D /* ZKJSTCPSessionManager.m */ = {isa = PBXFileReference; fileEncoding = 4; lastKnownFileType = sourcecode.c.objc; path = ZKJSTCPSessionManager.m; sourceTree = "<group>"; };
		40641F991B3E79A300CF150D /* Singleton.h */ = {isa = PBXFileReference; fileEncoding = 4; lastKnownFileType = sourcecode.c.h; path = Singleton.h; sourceTree = "<group>"; };
		40641F9B1B3E79A300CF150D /* ZKJSTool.h */ = {isa = PBXFileReference; fileEncoding = 4; lastKnownFileType = sourcecode.c.h; path = ZKJSTool.h; sourceTree = "<group>"; };
		40641F9C1B3E79A300CF150D /* ZKJSTool.m */ = {isa = PBXFileReference; fileEncoding = 4; lastKnownFileType = sourcecode.c.objc; path = ZKJSTool.m; sourceTree = "<group>"; };
		407761871B4905E7009B6FE9 /* RuleEngine.swift */ = {isa = PBXFileReference; fileEncoding = 4; lastKnownFileType = sourcecode.swift; name = RuleEngine.swift; path = Helper/RuleEngine.swift; sourceTree = "<group>"; };
		40DA7A011B463E850097CE3D /* JSHChatVC.h */ = {isa = PBXFileReference; fileEncoding = 4; lastKnownFileType = sourcecode.c.h; path = JSHChatVC.h; sourceTree = "<group>"; };
		40DA7A021B463E850097CE3D /* JSHChatVC.m */ = {isa = PBXFileReference; fileEncoding = 4; lastKnownFileType = sourcecode.c.objc; path = JSHChatVC.m; sourceTree = "<group>"; };
		40E686F71B45297400C9725B /* BookingOrder.swift */ = {isa = PBXFileReference; fileEncoding = 4; lastKnownFileType = sourcecode.swift; path = BookingOrder.swift; sourceTree = "<group>"; };
		46501E00CF356A221CE759C9 /* libPods-SVIP.a */ = {isa = PBXFileReference; explicitFileType = archive.ar; includeInIndex = 0; path = "libPods-SVIP.a"; sourceTree = BUILT_PRODUCTS_DIR; };
		B201C27C1B65D225004CA10C /* JSHCellModel.h */ = {isa = PBXFileReference; fileEncoding = 4; lastKnownFileType = sourcecode.c.h; path = JSHCellModel.h; sourceTree = "<group>"; };
		B201C27D1B65D225004CA10C /* JSHCellModel.m */ = {isa = PBXFileReference; fileEncoding = 4; lastKnownFileType = sourcecode.c.objc; path = JSHCellModel.m; sourceTree = "<group>"; };
		B201C27E1B65D225004CA10C /* JSHInfoEditCell.h */ = {isa = PBXFileReference; fileEncoding = 4; lastKnownFileType = sourcecode.c.h; path = JSHInfoEditCell.h; sourceTree = "<group>"; };
		B201C27F1B65D225004CA10C /* JSHInfoEditCell.m */ = {isa = PBXFileReference; fileEncoding = 4; lastKnownFileType = sourcecode.c.objc; path = JSHInfoEditCell.m; sourceTree = "<group>"; };
		B201C2801B65D225004CA10C /* JSHInfoEditCell.xib */ = {isa = PBXFileReference; fileEncoding = 4; lastKnownFileType = file.xib; path = JSHInfoEditCell.xib; sourceTree = "<group>"; };
		B201C2811B65D225004CA10C /* JSHInfoEditLabelLevel1Model.h */ = {isa = PBXFileReference; fileEncoding = 4; lastKnownFileType = sourcecode.c.h; path = JSHInfoEditLabelLevel1Model.h; sourceTree = "<group>"; };
		B201C2821B65D225004CA10C /* JSHInfoEditLabelLevel1Model.m */ = {isa = PBXFileReference; fileEncoding = 4; lastKnownFileType = sourcecode.c.objc; path = JSHInfoEditLabelLevel1Model.m; sourceTree = "<group>"; };
		B201C2831B65D225004CA10C /* JSHSectionModel.h */ = {isa = PBXFileReference; fileEncoding = 4; lastKnownFileType = sourcecode.c.h; path = JSHSectionModel.h; sourceTree = "<group>"; };
		B201C2841B65D225004CA10C /* JSHSectionModel.m */ = {isa = PBXFileReference; fileEncoding = 4; lastKnownFileType = sourcecode.c.objc; path = JSHSectionModel.m; sourceTree = "<group>"; };
		B201C2851B65D225004CA10C /* JSHUserInfo.h */ = {isa = PBXFileReference; fileEncoding = 4; lastKnownFileType = sourcecode.c.h; path = JSHUserInfo.h; sourceTree = "<group>"; };
		B201C2861B65D225004CA10C /* JSHUserInfo.m */ = {isa = PBXFileReference; fileEncoding = 4; lastKnownFileType = sourcecode.c.objc; path = JSHUserInfo.m; sourceTree = "<group>"; };
		B20AF80C4F4A999BFEFEA2AB /* Pods-SVIP.debug.xcconfig */ = {isa = PBXFileReference; includeInIndex = 1; lastKnownFileType = text.xcconfig; name = "Pods-SVIP.debug.xcconfig"; path = "Pods/Target Support Files/Pods-SVIP/Pods-SVIP.debug.xcconfig"; sourceTree = "<group>"; };
		B21250B01B74586F0056835D /* LoginManager.swift */ = {isa = PBXFileReference; fileEncoding = 4; lastKnownFileType = sourcecode.swift; path = LoginManager.swift; sourceTree = "<group>"; };
		B21250BA1B7484F80056835D /* LeftMenuVC.swift */ = {isa = PBXFileReference; fileEncoding = 4; lastKnownFileType = sourcecode.swift; path = LeftMenuVC.swift; sourceTree = "<group>"; };
		B21250BB1B7484F80056835D /* LeftMenuVC.xib */ = {isa = PBXFileReference; fileEncoding = 4; lastKnownFileType = file.xib; path = LeftMenuVC.xib; sourceTree = "<group>"; };
		B21250BF1B7487B90056835D /* LeftMenu.plist */ = {isa = PBXFileReference; fileEncoding = 4; lastKnownFileType = text.plist.xml; path = LeftMenu.plist; sourceTree = "<group>"; };
		B21250C11B7496610056835D /* BookListRightMenuVC.swift */ = {isa = PBXFileReference; fileEncoding = 4; lastKnownFileType = sourcecode.swift; path = BookListRightMenuVC.swift; sourceTree = "<group>"; };
		B21250C31B74A1A50056835D /* BookListRightMenuCell.xib */ = {isa = PBXFileReference; fileEncoding = 4; lastKnownFileType = file.xib; path = BookListRightMenuCell.xib; sourceTree = "<group>"; };
		B23E536B1B4BB64C00CB7761 /* base64.h */ = {isa = PBXFileReference; fileEncoding = 4; lastKnownFileType = sourcecode.c.h; path = base64.h; sourceTree = "<group>"; };
		B23E536C1B4BB64C00CB7761 /* base64.m */ = {isa = PBXFileReference; fileEncoding = 4; lastKnownFileType = sourcecode.c.objc; path = base64.m; sourceTree = "<group>"; };
		B23E536D1B4BB64C00CB7761 /* config.h */ = {isa = PBXFileReference; fileEncoding = 4; lastKnownFileType = sourcecode.c.h; path = config.h; sourceTree = "<group>"; };
		B23E536E1B4BB64C00CB7761 /* DataSigner.h */ = {isa = PBXFileReference; fileEncoding = 4; lastKnownFileType = sourcecode.c.h; path = DataSigner.h; sourceTree = "<group>"; };
		B23E536F1B4BB64C00CB7761 /* DataSigner.m */ = {isa = PBXFileReference; fileEncoding = 4; lastKnownFileType = sourcecode.c.objc; path = DataSigner.m; sourceTree = "<group>"; };
		B23E53701B4BB64C00CB7761 /* DataVerifier.h */ = {isa = PBXFileReference; fileEncoding = 4; lastKnownFileType = sourcecode.c.h; path = DataVerifier.h; sourceTree = "<group>"; };
		B23E53711B4BB64C00CB7761 /* DataVerifier.m */ = {isa = PBXFileReference; fileEncoding = 4; lastKnownFileType = sourcecode.c.objc; path = DataVerifier.m; sourceTree = "<group>"; };
		B23E53721B4BB64C00CB7761 /* MD5DataSigner.h */ = {isa = PBXFileReference; fileEncoding = 4; lastKnownFileType = sourcecode.c.h; path = MD5DataSigner.h; sourceTree = "<group>"; };
		B23E53731B4BB64C00CB7761 /* MD5DataSigner.m */ = {isa = PBXFileReference; fileEncoding = 4; lastKnownFileType = sourcecode.c.objc; path = MD5DataSigner.m; sourceTree = "<group>"; };
		B23E53741B4BB64C00CB7761 /* NSDataEx.h */ = {isa = PBXFileReference; fileEncoding = 4; lastKnownFileType = sourcecode.c.h; path = NSDataEx.h; sourceTree = "<group>"; };
		B23E53751B4BB64C00CB7761 /* NSDataEx.m */ = {isa = PBXFileReference; fileEncoding = 4; lastKnownFileType = sourcecode.c.objc; path = NSDataEx.m; sourceTree = "<group>"; };
		B23E53761B4BB64C00CB7761 /* openssl_wrapper.h */ = {isa = PBXFileReference; fileEncoding = 4; lastKnownFileType = sourcecode.c.h; path = openssl_wrapper.h; sourceTree = "<group>"; };
		B23E53771B4BB64C00CB7761 /* openssl_wrapper.m */ = {isa = PBXFileReference; fileEncoding = 4; lastKnownFileType = sourcecode.c.objc; path = openssl_wrapper.m; sourceTree = "<group>"; };
		B23E53781B4BB64C00CB7761 /* RSADataSigner.h */ = {isa = PBXFileReference; fileEncoding = 4; lastKnownFileType = sourcecode.c.h; path = RSADataSigner.h; sourceTree = "<group>"; };
		B23E53791B4BB64C00CB7761 /* RSADataSigner.m */ = {isa = PBXFileReference; fileEncoding = 4; lastKnownFileType = sourcecode.c.objc; path = RSADataSigner.m; sourceTree = "<group>"; };
		B23E537A1B4BB64C00CB7761 /* RSADataVerifier.h */ = {isa = PBXFileReference; fileEncoding = 4; lastKnownFileType = sourcecode.c.h; path = RSADataVerifier.h; sourceTree = "<group>"; };
		B23E537B1B4BB64C00CB7761 /* RSADataVerifier.m */ = {isa = PBXFileReference; fileEncoding = 4; lastKnownFileType = sourcecode.c.objc; path = RSADataVerifier.m; sourceTree = "<group>"; };
		B23E53841B4BBB1500CB7761 /* SystemConfiguration.framework */ = {isa = PBXFileReference; lastKnownFileType = wrapper.framework; name = SystemConfiguration.framework; path = System/Library/Frameworks/SystemConfiguration.framework; sourceTree = SDKROOT; };
		B23E53D41B4BC12B00CB7761 /* openssl.framework */ = {isa = PBXFileReference; lastKnownFileType = wrapper.framework; path = openssl.framework; sourceTree = "<group>"; };
		B2564D371B4BFAED0098608F /* JSHAnimationVC.h */ = {isa = PBXFileReference; fileEncoding = 4; lastKnownFileType = sourcecode.c.h; path = JSHAnimationVC.h; sourceTree = "<group>"; };
		B2564D381B4BFAED0098608F /* JSHAnimationVC.m */ = {isa = PBXFileReference; fileEncoding = 4; lastKnownFileType = sourcecode.c.objc; path = JSHAnimationVC.m; sourceTree = "<group>"; };
		B2564D391B4BFAED0098608F /* JSHHotelRegisterVC.h */ = {isa = PBXFileReference; fileEncoding = 4; lastKnownFileType = sourcecode.c.h; path = JSHHotelRegisterVC.h; sourceTree = "<group>"; };
		B2564D3A1B4BFAED0098608F /* JSHHotelRegisterVC.m */ = {isa = PBXFileReference; fileEncoding = 4; lastKnownFileType = sourcecode.c.objc; path = JSHHotelRegisterVC.m; sourceTree = "<group>"; };
		B2564D3B1B4BFAED0098608F /* JSHHotelRegisterVC.xib */ = {isa = PBXFileReference; fileEncoding = 4; lastKnownFileType = file.xib; path = JSHHotelRegisterVC.xib; sourceTree = "<group>"; };
		B2564D3D1B4BFAED0098608F /* JSHAccountManager.h */ = {isa = PBXFileReference; fileEncoding = 4; lastKnownFileType = sourcecode.c.h; path = JSHAccountManager.h; sourceTree = "<group>"; };
		B2564D3E1B4BFAED0098608F /* JSHAccountManager.m */ = {isa = PBXFileReference; fileEncoding = 4; lastKnownFileType = sourcecode.c.objc; path = JSHAccountManager.m; sourceTree = "<group>"; };
		B2564D401B4BFAED0098608F /* JSHRegisterAnimationView.h */ = {isa = PBXFileReference; fileEncoding = 4; lastKnownFileType = sourcecode.c.h; path = JSHRegisterAnimationView.h; sourceTree = "<group>"; };
		B2564D411B4BFAED0098608F /* JSHRegisterAnimationView.m */ = {isa = PBXFileReference; fileEncoding = 4; lastKnownFileType = sourcecode.c.objc; path = JSHRegisterAnimationView.m; sourceTree = "<group>"; };
		B2564D421B4BFAED0098608F /* RegisterAnimationView.xib */ = {isa = PBXFileReference; fileEncoding = 4; lastKnownFileType = file.xib; path = RegisterAnimationView.xib; sourceTree = "<group>"; };
		B2564D491B4BFC370098608F /* JSHTextField.h */ = {isa = PBXFileReference; fileEncoding = 4; lastKnownFileType = sourcecode.c.h; path = JSHTextField.h; sourceTree = "<group>"; };
		B2564D4A1B4BFC370098608F /* JSHTextField.m */ = {isa = PBXFileReference; fileEncoding = 4; lastKnownFileType = sourcecode.c.objc; path = JSHTextField.m; sourceTree = "<group>"; };
		B2564D4C1B4BFC470098608F /* JSHRoundRectButton.h */ = {isa = PBXFileReference; fileEncoding = 4; lastKnownFileType = sourcecode.c.h; path = JSHRoundRectButton.h; sourceTree = "<group>"; };
		B2564D4D1B4BFC470098608F /* JSHRoundRectButton.m */ = {isa = PBXFileReference; fileEncoding = 4; lastKnownFileType = sourcecode.c.objc; path = JSHRoundRectButton.m; sourceTree = "<group>"; };
		B2564D531B4BFE070098608F /* JSHInfoEditVC.h */ = {isa = PBXFileReference; fileEncoding = 4; lastKnownFileType = sourcecode.c.h; path = JSHInfoEditVC.h; sourceTree = "<group>"; };
		B2564D541B4BFE070098608F /* JSHInfoEditVC.m */ = {isa = PBXFileReference; fileEncoding = 4; lastKnownFileType = sourcecode.c.objc; path = JSHInfoEditVC.m; sourceTree = "<group>"; };
		B2564D571B4BFE070098608F /* JSHBaseInfo.h */ = {isa = PBXFileReference; fileEncoding = 4; lastKnownFileType = sourcecode.c.h; path = JSHBaseInfo.h; sourceTree = "<group>"; };
		B2564D581B4BFE070098608F /* JSHBaseInfo.m */ = {isa = PBXFileReference; fileEncoding = 4; lastKnownFileType = sourcecode.c.objc; path = JSHBaseInfo.m; sourceTree = "<group>"; };
		B2564D5B1B4BFE070098608F /* JSHInfoEditHeaderFrame.h */ = {isa = PBXFileReference; fileEncoding = 4; lastKnownFileType = sourcecode.c.h; path = JSHInfoEditHeaderFrame.h; sourceTree = "<group>"; };
		B2564D5C1B4BFE070098608F /* JSHInfoEditHeaderFrame.m */ = {isa = PBXFileReference; fileEncoding = 4; lastKnownFileType = sourcecode.c.objc; path = JSHInfoEditHeaderFrame.m; sourceTree = "<group>"; };
		B2564D5F1B4BFE070098608F /* JSHInfoEditSelection.plist */ = {isa = PBXFileReference; fileEncoding = 4; lastKnownFileType = text.plist.xml; path = JSHInfoEditSelection.plist; sourceTree = "<group>"; };
		B2564D6A1B4BFE070098608F /* JSHInfoEditHeader.h */ = {isa = PBXFileReference; fileEncoding = 4; lastKnownFileType = sourcecode.c.h; path = JSHInfoEditHeader.h; sourceTree = "<group>"; };
		B2564D6B1B4BFE070098608F /* JSHInfoEditHeader.m */ = {isa = PBXFileReference; fileEncoding = 4; lastKnownFileType = sourcecode.c.objc; path = JSHInfoEditHeader.m; sourceTree = "<group>"; };
		B2564D821B4C012C0098608F /* JSHStorage.h */ = {isa = PBXFileReference; fileEncoding = 4; lastKnownFileType = sourcecode.c.h; path = JSHStorage.h; sourceTree = "<group>"; };
		B2564D831B4C012C0098608F /* JSHStorage.m */ = {isa = PBXFileReference; fileEncoding = 4; lastKnownFileType = sourcecode.c.objc; path = JSHStorage.m; sourceTree = "<group>"; };
		B2564D851B4C017F0098608F /* NSString+JSH.h */ = {isa = PBXFileReference; fileEncoding = 4; lastKnownFileType = sourcecode.c.h; path = "NSString+JSH.h"; sourceTree = "<group>"; };
		B2564D861B4C017F0098608F /* NSString+JSH.m */ = {isa = PBXFileReference; fileEncoding = 4; lastKnownFileType = sourcecode.c.objc; path = "NSString+JSH.m"; sourceTree = "<group>"; };
		B26C0E1F1B5FBC1A00F8AE46 /* BookHotelListTVC.swift */ = {isa = PBXFileReference; fileEncoding = 4; lastKnownFileType = sourcecode.swift; path = BookHotelListTVC.swift; sourceTree = "<group>"; };
		B26C0E231B5FBC9F00F8AE46 /* BookHotelListCell.xib */ = {isa = PBXFileReference; fileEncoding = 4; lastKnownFileType = file.xib; path = BookHotelListCell.xib; sourceTree = "<group>"; };
		B27004091B608ABF00B1BEA7 /* Hotel.swift */ = {isa = PBXFileReference; fileEncoding = 4; lastKnownFileType = sourcecode.swift; path = Hotel.swift; sourceTree = "<group>"; };
		B277F8C11B4A59AA00A9F858 /* UIImageEffects.h */ = {isa = PBXFileReference; fileEncoding = 4; lastKnownFileType = sourcecode.c.h; path = UIImageEffects.h; sourceTree = "<group>"; };
		B277F8C21B4A59AA00A9F858 /* UIImageEffects.m */ = {isa = PBXFileReference; fileEncoding = 4; lastKnownFileType = sourcecode.c.objc; path = UIImageEffects.m; sourceTree = "<group>"; };
		B277F8C31B4A59AA00A9F858 /* BlurDatePickerView.h */ = {isa = PBXFileReference; fileEncoding = 4; lastKnownFileType = sourcecode.c.h; path = BlurDatePickerView.h; sourceTree = "<group>"; };
		B277F8C41B4A59AA00A9F858 /* BlurDatePickerView.m */ = {isa = PBXFileReference; fileEncoding = 4; lastKnownFileType = sourcecode.c.objc; path = BlurDatePickerView.m; sourceTree = "<group>"; };
		B277F8C71B4A5D3900A9F858 /* BookDateButton.swift */ = {isa = PBXFileReference; fileEncoding = 4; lastKnownFileType = sourcecode.swift; path = BookDateButton.swift; sourceTree = "<group>"; };
		B2A642111B47C2A700AF0F28 /* BookConfirmVC.swift */ = {isa = PBXFileReference; fileEncoding = 4; lastKnownFileType = sourcecode.swift; path = BookConfirmVC.swift; sourceTree = "<group>"; };
		B2A642121B47C2A700AF0F28 /* BookPayVC.swift */ = {isa = PBXFileReference; fileEncoding = 4; lastKnownFileType = sourcecode.swift; path = BookPayVC.swift; sourceTree = "<group>"; };
		B2A642131B47C2A700AF0F28 /* BookVC.swift */ = {isa = PBXFileReference; fileEncoding = 4; lastKnownFileType = sourcecode.swift; path = BookVC.swift; sourceTree = "<group>"; };
		B2A642151B47C2A700AF0F28 /* RoomGoods.swift */ = {isa = PBXFileReference; fileEncoding = 4; lastKnownFileType = sourcecode.swift; path = RoomGoods.swift; sourceTree = "<group>"; };
		B2A642171B47C2A700AF0F28 /* BookConfirmVC.xib */ = {isa = PBXFileReference; fileEncoding = 4; lastKnownFileType = file.xib; path = BookConfirmVC.xib; sourceTree = "<group>"; };
		B2A642181B47C2A700AF0F28 /* BookItemButton.swift */ = {isa = PBXFileReference; fileEncoding = 4; lastKnownFileType = sourcecode.swift; path = BookItemButton.swift; sourceTree = "<group>"; };
		B2A642191B47C2A700AF0F28 /* BookPayVC.xib */ = {isa = PBXFileReference; fileEncoding = 4; lastKnownFileType = file.xib; path = BookPayVC.xib; sourceTree = "<group>"; };
		B2A6421A1B47C2A700AF0F28 /* BookRoomCell.swift */ = {isa = PBXFileReference; fileEncoding = 4; lastKnownFileType = sourcecode.swift; path = BookRoomCell.swift; sourceTree = "<group>"; };
		B2A6421B1B47C2A700AF0F28 /* BookRoomCell.xib */ = {isa = PBXFileReference; fileEncoding = 4; lastKnownFileType = file.xib; path = BookRoomCell.xib; sourceTree = "<group>"; };
		B2A6421C1B47C2A700AF0F28 /* BookVC.xib */ = {isa = PBXFileReference; fileEncoding = 4; lastKnownFileType = file.xib; path = BookVC.xib; sourceTree = "<group>"; };
		B2B2EC3C1B73493D00CA5158 /* libc++.dylib */ = {isa = PBXFileReference; lastKnownFileType = "compiled.mach-o.dylib"; name = "libc++.dylib"; path = "usr/lib/libc++.dylib"; sourceTree = SDKROOT; };
		B2B2EC3E1B73494E00CA5158 /* libsqlite3.0.dylib */ = {isa = PBXFileReference; lastKnownFileType = "compiled.mach-o.dylib"; name = libsqlite3.0.dylib; path = usr/lib/libsqlite3.0.dylib; sourceTree = SDKROOT; };
		B2F471681B4B6CF0005122BB /* AlipaySDK.bundle */ = {isa = PBXFileReference; lastKnownFileType = "wrapper.plug-in"; path = AlipaySDK.bundle; sourceTree = "<group>"; };
		B2F471691B4B6CF0005122BB /* AlipaySDK.framework */ = {isa = PBXFileReference; lastKnownFileType = wrapper.framework; path = AlipaySDK.framework; sourceTree = "<group>"; };
		B2F4716F1B4B7B21005122BB /* AlipayOrder.h */ = {isa = PBXFileReference; fileEncoding = 4; lastKnownFileType = sourcecode.c.h; path = AlipayOrder.h; sourceTree = "<group>"; };
		B2F471701B4B7B21005122BB /* AlipayOrder.m */ = {isa = PBXFileReference; fileEncoding = 4; lastKnownFileType = sourcecode.c.objc; path = AlipayOrder.m; sourceTree = "<group>"; };
		B2F471721B4B7F61005122BB /* PartnerConfig.h */ = {isa = PBXFileReference; lastKnownFileType = sourcecode.c.h; path = PartnerConfig.h; sourceTree = "<group>"; };
		B2F49E8C1B7347A200556AE2 /* en */ = {isa = PBXFileReference; lastKnownFileType = text.plist.strings; name = en; path = en.lproj/UMSocialLocalizable.strings; sourceTree = "<group>"; };
		B2F49E8E1B7347A200556AE2 /* UMSocial.h */ = {isa = PBXFileReference; fileEncoding = 4; lastKnownFileType = sourcecode.c.h; path = UMSocial.h; sourceTree = "<group>"; };
		B2F49E8F1B7347A200556AE2 /* UMSocialAccountManager.h */ = {isa = PBXFileReference; fileEncoding = 4; lastKnownFileType = sourcecode.c.h; path = UMSocialAccountManager.h; sourceTree = "<group>"; };
		B2F49E901B7347A200556AE2 /* UMSocialBar.h */ = {isa = PBXFileReference; fileEncoding = 4; lastKnownFileType = sourcecode.c.h; path = UMSocialBar.h; sourceTree = "<group>"; };
		B2F49E911B7347A200556AE2 /* UMSocialConfig.h */ = {isa = PBXFileReference; fileEncoding = 4; lastKnownFileType = sourcecode.c.h; path = UMSocialConfig.h; sourceTree = "<group>"; };
		B2F49E921B7347A200556AE2 /* UMSocialControllerService.h */ = {isa = PBXFileReference; fileEncoding = 4; lastKnownFileType = sourcecode.c.h; path = UMSocialControllerService.h; sourceTree = "<group>"; };
		B2F49E931B7347A200556AE2 /* UMSocialControllerServiceComment.h */ = {isa = PBXFileReference; fileEncoding = 4; lastKnownFileType = sourcecode.c.h; path = UMSocialControllerServiceComment.h; sourceTree = "<group>"; };
		B2F49E941B7347A200556AE2 /* UMSocialData.h */ = {isa = PBXFileReference; fileEncoding = 4; lastKnownFileType = sourcecode.c.h; path = UMSocialData.h; sourceTree = "<group>"; };
		B2F49E951B7347A200556AE2 /* UMSocialDataService.h */ = {isa = PBXFileReference; fileEncoding = 4; lastKnownFileType = sourcecode.c.h; path = UMSocialDataService.h; sourceTree = "<group>"; };
		B2F49E961B7347A200556AE2 /* UMSocialSnsData.h */ = {isa = PBXFileReference; fileEncoding = 4; lastKnownFileType = sourcecode.c.h; path = UMSocialSnsData.h; sourceTree = "<group>"; };
		B2F49E971B7347A200556AE2 /* UMSocialSnsPlatformManager.h */ = {isa = PBXFileReference; fileEncoding = 4; lastKnownFileType = sourcecode.c.h; path = UMSocialSnsPlatformManager.h; sourceTree = "<group>"; };
		B2F49E981B7347A200556AE2 /* UMSocialSnsService.h */ = {isa = PBXFileReference; fileEncoding = 4; lastKnownFileType = sourcecode.c.h; path = UMSocialSnsService.h; sourceTree = "<group>"; };
		B2F49E991B7347A200556AE2 /* libUMSocial_Sdk_4.2.3.a */ = {isa = PBXFileReference; lastKnownFileType = archive.ar; path = libUMSocial_Sdk_4.2.3.a; sourceTree = "<group>"; };
		B2F49E9B1B7347A200556AE2 /* UMSCommentDetailController.xib */ = {isa = PBXFileReference; fileEncoding = 4; lastKnownFileType = file.xib; path = UMSCommentDetailController.xib; sourceTree = "<group>"; };
		B2F49E9C1B7347A200556AE2 /* UMSCommentInputController.xib */ = {isa = PBXFileReference; fileEncoding = 4; lastKnownFileType = file.xib; path = UMSCommentInputController.xib; sourceTree = "<group>"; };
		B2F49E9D1B7347A200556AE2 /* UMSCommentInputControlleriPad.xib */ = {isa = PBXFileReference; fileEncoding = 4; lastKnownFileType = file.xib; path = UMSCommentInputControlleriPad.xib; sourceTree = "<group>"; };
		B2F49E9E1B7347A200556AE2 /* UMShareEditViewController.xib */ = {isa = PBXFileReference; fileEncoding = 4; lastKnownFileType = file.xib; path = UMShareEditViewController.xib; sourceTree = "<group>"; };
		B2F49E9F1B7347A200556AE2 /* UMShareEditViewControlleriPad.xib */ = {isa = PBXFileReference; fileEncoding = 4; lastKnownFileType = file.xib; path = UMShareEditViewControlleriPad.xib; sourceTree = "<group>"; };
		B2F49EA01B7347A200556AE2 /* UMSLoginViewController.xib */ = {isa = PBXFileReference; fileEncoding = 4; lastKnownFileType = file.xib; path = UMSLoginViewController.xib; sourceTree = "<group>"; };
		B2F49EA11B7347A200556AE2 /* UMSnsAccountViewController.xib */ = {isa = PBXFileReference; fileEncoding = 4; lastKnownFileType = file.xib; path = UMSnsAccountViewController.xib; sourceTree = "<group>"; };
		B2F49EA21B7347A200556AE2 /* UMSShareListController.xib */ = {isa = PBXFileReference; fileEncoding = 4; lastKnownFileType = file.xib; path = UMSShareListController.xib; sourceTree = "<group>"; };
		B2F49EA31B7347A200556AE2 /* UMSocialSDKResourcesNew.bundle */ = {isa = PBXFileReference; lastKnownFileType = "wrapper.plug-in"; path = UMSocialSDKResourcesNew.bundle; sourceTree = "<group>"; };
		B2F49EA41B7347A200556AE2 /* zh-Hans */ = {isa = PBXFileReference; lastKnownFileType = text.plist.strings; name = "zh-Hans"; path = "zh-Hans.lproj/UMSocialLocalizable.strings"; sourceTree = "<group>"; };
		B2F49EA71B7347A200556AE2 /* libSocialWechat.a */ = {isa = PBXFileReference; lastKnownFileType = archive.ar; path = libSocialWechat.a; sourceTree = "<group>"; };
		B2F49EA81B7347A200556AE2 /* libWeChatSDK.a */ = {isa = PBXFileReference; lastKnownFileType = archive.ar; path = libWeChatSDK.a; sourceTree = "<group>"; };
		B2F49EA91B7347A200556AE2 /* UMSocialWechatHandler.h */ = {isa = PBXFileReference; fileEncoding = 4; lastKnownFileType = sourcecode.c.h; path = UMSocialWechatHandler.h; sourceTree = "<group>"; };
		B2F49EAA1B7347A200556AE2 /* WXApi.h */ = {isa = PBXFileReference; fileEncoding = 4; lastKnownFileType = sourcecode.c.h; path = WXApi.h; sourceTree = "<group>"; };
		B2F49EAB1B7347A200556AE2 /* WXApiObject.h */ = {isa = PBXFileReference; fileEncoding = 4; lastKnownFileType = sourcecode.c.h; path = WXApiObject.h; sourceTree = "<group>"; };
		B2FF5A0B1B4918AC00139E49 /* BookOrder.swift */ = {isa = PBXFileReference; fileEncoding = 4; lastKnownFileType = sourcecode.swift; path = BookOrder.swift; sourceTree = "<group>"; };
		DAFE8F7DD4BA684404DF6065 /* Pods-SVIP.release.xcconfig */ = {isa = PBXFileReference; includeInIndex = 1; lastKnownFileType = text.xcconfig; name = "Pods-SVIP.release.xcconfig"; path = "Pods/Target Support Files/Pods-SVIP/Pods-SVIP.release.xcconfig"; sourceTree = "<group>"; };
/* End PBXFileReference section */

/* Begin PBXFrameworksBuildPhase section */
		40641EF51B3E569700CF150D /* Frameworks */ = {
			isa = PBXFrameworksBuildPhase;
			buildActionMask = 2147483647;
			files = (
				B2B2EC3F1B73494E00CA5158 /* libsqlite3.0.dylib in Frameworks */,
				404C184C1B5368FE00F11122 /* libz.dylib in Frameworks */,
				B2B2EC3D1B73493D00CA5158 /* libc++.dylib in Frameworks */,
				B23E53851B4BBB1500CB7761 /* SystemConfiguration.framework in Frameworks */,
				B2F49EB81B7347A200556AE2 /* libWeChatSDK.a in Frameworks */,
				B23E53D51B4BC12B00CB7761 /* openssl.framework in Frameworks */,
				B2F49EAD1B7347A200556AE2 /* libUMSocial_Sdk_4.2.3.a in Frameworks */,
				C0C5BA42D3F8EB7E7B899613 /* libPods-SVIP.a in Frameworks */,
				B2F4716B1B4B6CF0005122BB /* AlipaySDK.framework in Frameworks */,
				B2F49EB71B7347A200556AE2 /* libSocialWechat.a in Frameworks */,
			);
			runOnlyForDeploymentPostprocessing = 0;
		};
		40641F0A1B3E569800CF150D /* Frameworks */ = {
			isa = PBXFrameworksBuildPhase;
			buildActionMask = 2147483647;
			files = (
			);
			runOnlyForDeploymentPostprocessing = 0;
		};
/* End PBXFrameworksBuildPhase section */

/* Begin PBXGroup section */
		35D3481E8EFB7901D0E20AFC /* Pods */ = {
			isa = PBXGroup;
			children = (
				B20AF80C4F4A999BFEFEA2AB /* Pods-SVIP.debug.xcconfig */,
				DAFE8F7DD4BA684404DF6065 /* Pods-SVIP.release.xcconfig */,
			);
			name = Pods;
			sourceTree = "<group>";
		};
		404C183D1B5359E100F11122 /* Cryptography */ = {
			isa = PBXGroup;
			children = (
				404C183E1B5359E100F11122 /* ZKJSDiffie-HellmanProtocol.h */,
				404C183F1B5359E100F11122 /* ZKJSDiffie-HellmanProtocol.m */,
				404C18441B535A5F00F11122 /* NSData+AES256.h */,
				404C18451B535A5F00F11122 /* NSData+AES256.m */,
			);
			name = Cryptography;
			path = Networking/Cryptography;
			sourceTree = "<group>";
		};
		404C18471B53675300F11122 /* Compressor */ = {
			isa = PBXGroup;
			children = (
				404C18481B53675300F11122 /* CompressingLogFileManager.h */,
				404C18491B53675300F11122 /* CompressingLogFileManager.m */,
			);
			path = Compressor;
			sourceTree = "<group>";
		};
		405266311B41279B00B277BE /* OrderList */ = {
			isa = PBXGroup;
			children = (
				405266321B41279B00B277BE /* Model */,
				405266631B41470F00B277BE /* HeaderView */,
				405266531B4128E900B277BE /* Cell */,
				405266331B41279B00B277BE /* OrderListTVC.swift */,
				4052663A1B4127B400B277BE /* OrderDetailVC.swift */,
				4052663B1B4127B400B277BE /* OrderDetailVC.xib */,
				4052663E1B4127C500B277BE /* BookingOrderDetailVC.swift */,
				4052663F1B4127C500B277BE /* BookingOrderDetailVC.xib */,
				405BC0FB1B42495F00081C0A /* DotLine.swift */,
			);
			path = OrderList;
			sourceTree = "<group>";
		};
		405266321B41279B00B277BE /* Model */ = {
			isa = PBXGroup;
			children = (
			);
			path = Model;
			sourceTree = "<group>";
		};
		405266421B4127F600B277BE /* MessageCenter */ = {
			isa = PBXGroup;
			children = (
				405266451B4127F600B277BE /* Model */,
				405266581B4128F900B277BE /* Cell */,
				405266441B4127F600B277BE /* MessageCenterTVC.swift */,
				405266431B4127F600B277BE /* ChatTVC.swift */,
			);
			path = MessageCenter;
			sourceTree = "<group>";
		};
		405266451B4127F600B277BE /* Model */ = {
			isa = PBXGroup;
			children = (
				40E686F71B45297400C9725B /* BookingOrder.swift */,
			);
			path = Model;
			sourceTree = "<group>";
		};
		4052664D1B41283900B277BE /* Main */ = {
			isa = PBXGroup;
			children = (
				B21250BE1B7487A70056835D /* Source */,
				405266501B41283900B277BE /* Model */,
				4052664E1B41283900B277BE /* MainVC.swift */,
				4052664F1B41283900B277BE /* MainVC.xib */,
				B21250BA1B7484F80056835D /* LeftMenuVC.swift */,
				B21250BB1B7484F80056835D /* LeftMenuVC.xib */,
			);
			path = Main;
			sourceTree = "<group>";
		};
		405266501B41283900B277BE /* Model */ = {
			isa = PBXGroup;
			children = (
			);
			path = Model;
			sourceTree = "<group>";
		};
		405266531B4128E900B277BE /* Cell */ = {
			isa = PBXGroup;
			children = (
				405266541B4128E900B277BE /* OrderCell.swift */,
				405266551B4128E900B277BE /* OrderCell.xib */,
			);
			path = Cell;
			sourceTree = "<group>";
		};
		405266581B4128F900B277BE /* Cell */ = {
			isa = PBXGroup;
			children = (
				405266591B4128F900B277BE /* HotelMessageCell.swift */,
				4052665A1B4128F900B277BE /* HotelMessageCell.xib */,
			);
			path = Cell;
			sourceTree = "<group>";
		};
		405266631B41470F00B277BE /* HeaderView */ = {
			isa = PBXGroup;
			children = (
				405266641B41470F00B277BE /* OrderListHeaderView.swift */,
				405266651B41470F00B277BE /* OrderListHeaderView.xib */,
			);
			path = HeaderView;
			sourceTree = "<group>";
		};
		4053EB3A1B480AE3009B0DE1 /* Helper */ = {
			isa = PBXGroup;
			children = (
				404CF5D21B6758E900BCFB44 /* EncryptionTransformer.swift */,
				404CF5D41B676CC900BCFB44 /* EncryptionBinaryTransformer.swift */,
				401BBF171B5B7C8800774502 /* Persistent.swift */,
				4053EB3B1B480B09009B0DE1 /* StorageManager.swift */,
				404C184F1B53A46D00F11122 /* LogManager.swift */,
				407761871B4905E7009B6FE9 /* RuleEngine.swift */,
				B2564D821B4C012C0098608F /* JSHStorage.h */,
				B2564D831B4C012C0098608F /* JSHStorage.m */,
				B2564D851B4C017F0098608F /* NSString+JSH.h */,
				B2564D861B4C017F0098608F /* NSString+JSH.m */,
				405065F31B4CC23100DF25C0 /* JSHAnimator.h */,
				405065F41B4CC23100DF25C0 /* JSHAnimator.m */,
				401BBF191B5B7F6500774502 /* SVIP.xcdatamodeld */,
			);
			name = Helper;
			sourceTree = "<group>";
		};
		40641EEF1B3E569700CF150D = {
			isa = PBXGroup;
			children = (
				40641F861B3E79A300CF150D /* Common */,
				40641EFA1B3E569700CF150D /* SVIP */,
				40641F101B3E569800CF150D /* SVIPTests */,
				40641EF91B3E569700CF150D /* Products */,
				35D3481E8EFB7901D0E20AFC /* Pods */,
				D8D0F96B75FA018B7CF90312 /* Frameworks */,
			);
			sourceTree = "<group>";
		};
		40641EF91B3E569700CF150D /* Products */ = {
			isa = PBXGroup;
			children = (
				40641EF81B3E569700CF150D /* SVIP.app */,
				40641F0D1B3E569800CF150D /* SVIPTests.xctest */,
			);
			name = Products;
			sourceTree = "<group>";
		};
		40641EFA1B3E569700CF150D /* SVIP */ = {
			isa = PBXGroup;
			children = (
				4053EB3A1B480AE3009B0DE1 /* Helper */,
				B2564D4F1B4BFE070098608F /* InfoCenter */,
				B2564D351B4BFAED0098608F /* Register */,
				B2A6420F1B47C2A700AF0F28 /* Book */,
				40641EFD1B3E569700CF150D /* AppDelegate.swift */,
				B21250B01B74586F0056835D /* LoginManager.swift */,
				4052664D1B41283900B277BE /* Main */,
				405266421B4127F600B277BE /* MessageCenter */,
				40DA7A001B463E850097CE3D /* Chat */,
				405266311B41279B00B277BE /* OrderList */,
				40641EFB1B3E569700CF150D /* Supporting Files */,
				40641F821B3E796D00CF150D /* SVIP-Bridging-Header.h */,
			);
			path = SVIP;
			sourceTree = "<group>";
		};
		40641EFB1B3E569700CF150D /* Supporting Files */ = {
			isa = PBXGroup;
			children = (
				40641F041B3E569700CF150D /* Images.xcassets */,
				40641F061B3E569700CF150D /* LaunchScreen.xib */,
				40641EFC1B3E569700CF150D /* Info.plist */,
			);
			name = "Supporting Files";
			sourceTree = "<group>";
		};
		40641F101B3E569800CF150D /* SVIPTests */ = {
			isa = PBXGroup;
			children = (
				40641F131B3E569800CF150D /* SVIPTests.swift */,
				40641F111B3E569800CF150D /* Supporting Files */,
			);
			path = SVIPTests;
			sourceTree = "<group>";
		};
		40641F111B3E569800CF150D /* Supporting Files */ = {
			isa = PBXGroup;
			children = (
				40641F121B3E569800CF150D /* Info.plist */,
			);
			name = "Supporting Files";
			sourceTree = "<group>";
		};
		40641F861B3E79A300CF150D /* Common */ = {
			isa = PBXGroup;
			children = (
				B2F49E891B7347A200556AE2 /* UMSocial */,
				B23E53D41B4BC12B00CB7761 /* openssl.framework */,
				B2F471671B4B6CB4005122BB /* AliPay */,
				40641F871B3E79A300CF150D /* Category */,
				404C18471B53675300F11122 /* Compressor */,
				40641F8F1B3E79A300CF150D /* Networking */,
				404C183D1B5359E100F11122 /* Cryptography */,
				40641F991B3E79A300CF150D /* Singleton.h */,
				40641F9A1B3E79A300CF150D /* Tool */,
			);
			path = Common;
			sourceTree = "<group>";
		};
		40641F871B3E79A300CF150D /* Category */ = {
			isa = PBXGroup;
			children = (
				40641F881B3E79A300CF150D /* NSString+ZKJS.h */,
				40641F891B3E79A300CF150D /* NSString+ZKJS.m */,
				40641F8A1B3E79A300CF150D /* UIImage+ZKJS.h */,
				40641F8B1B3E79A300CF150D /* UIImage+ZKJS.m */,
			);
			path = Category;
			sourceTree = "<group>";
		};
		40641F8F1B3E79A300CF150D /* Networking */ = {
			isa = PBXGroup;
			children = (
				40641F911B3E79A300CF150D /* Networkcfg.h */,
				40641F961B3E79A300CF150D /* ZKJSTCPSessionManager.h */,
				40641F971B3E79A300CF150D /* ZKJSTCPSessionManager.m */,
				40641F921B3E79A300CF150D /* ZKJSHTTPSessionManager.h */,
				40641F931B3E79A300CF150D /* ZKJSHTTPSessionManager.m */,
				40641F941B3E79A300CF150D /* ZKJSHTTPSMSSessionManager.h */,
				40641F951B3E79A300CF150D /* ZKJSHTTPSMSSessionManager.m */,
				40641F901B3E79A300CF150D /* HTTPSessionManager.swift */,
			);
			path = Networking;
			sourceTree = "<group>";
		};
		40641F9A1B3E79A300CF150D /* Tool */ = {
			isa = PBXGroup;
			children = (
				40641F9B1B3E79A300CF150D /* ZKJSTool.h */,
				40641F9C1B3E79A300CF150D /* ZKJSTool.m */,
			);
			path = Tool;
			sourceTree = "<group>";
		};
		40DA7A001B463E850097CE3D /* Chat */ = {
			isa = PBXGroup;
			children = (
				404C36D21B6B4AE200E8C227 /* Message.swift */,
				40DA7A011B463E850097CE3D /* JSHChatVC.h */,
				40DA7A021B463E850097CE3D /* JSHChatVC.m */,
			);
			path = Chat;
			sourceTree = "<group>";
		};
		B201C27B1B65D225004CA10C /* NotUsed */ = {
			isa = PBXGroup;
			children = (
				B201C27C1B65D225004CA10C /* JSHCellModel.h */,
				B201C27D1B65D225004CA10C /* JSHCellModel.m */,
				B201C27E1B65D225004CA10C /* JSHInfoEditCell.h */,
				B201C27F1B65D225004CA10C /* JSHInfoEditCell.m */,
				B201C2801B65D225004CA10C /* JSHInfoEditCell.xib */,
				B201C2811B65D225004CA10C /* JSHInfoEditLabelLevel1Model.h */,
				B201C2821B65D225004CA10C /* JSHInfoEditLabelLevel1Model.m */,
				B201C2831B65D225004CA10C /* JSHSectionModel.h */,
				B201C2841B65D225004CA10C /* JSHSectionModel.m */,
				B201C2851B65D225004CA10C /* JSHUserInfo.h */,
				B201C2861B65D225004CA10C /* JSHUserInfo.m */,
			);
			path = NotUsed;
			sourceTree = "<group>";
		};
		B21250BE1B7487A70056835D /* Source */ = {
			isa = PBXGroup;
			children = (
				B21250BF1B7487B90056835D /* LeftMenu.plist */,
			);
			path = Source;
			sourceTree = "<group>";
		};
		B23E536A1B4BB64C00CB7761 /* Util */ = {
			isa = PBXGroup;
			children = (
				B23E536B1B4BB64C00CB7761 /* base64.h */,
				B23E536C1B4BB64C00CB7761 /* base64.m */,
				B23E536D1B4BB64C00CB7761 /* config.h */,
				B23E536E1B4BB64C00CB7761 /* DataSigner.h */,
				B23E536F1B4BB64C00CB7761 /* DataSigner.m */,
				B23E53701B4BB64C00CB7761 /* DataVerifier.h */,
				B23E53711B4BB64C00CB7761 /* DataVerifier.m */,
				B23E53721B4BB64C00CB7761 /* MD5DataSigner.h */,
				B23E53731B4BB64C00CB7761 /* MD5DataSigner.m */,
				B23E53741B4BB64C00CB7761 /* NSDataEx.h */,
				B23E53751B4BB64C00CB7761 /* NSDataEx.m */,
				B23E53761B4BB64C00CB7761 /* openssl_wrapper.h */,
				B23E53771B4BB64C00CB7761 /* openssl_wrapper.m */,
				B23E53781B4BB64C00CB7761 /* RSADataSigner.h */,
				B23E53791B4BB64C00CB7761 /* RSADataSigner.m */,
				B23E537A1B4BB64C00CB7761 /* RSADataVerifier.h */,
				B23E537B1B4BB64C00CB7761 /* RSADataVerifier.m */,
			);
			path = Util;
			sourceTree = "<group>";
		};
		B2564D351B4BFAED0098608F /* Register */ = {
			isa = PBXGroup;
			children = (
				B2564D361B4BFAED0098608F /* Controller */,
				B2564D3C1B4BFAED0098608F /* Model */,
				B2564D3F1B4BFAED0098608F /* View */,
			);
			path = Register;
			sourceTree = "<group>";
		};
		B2564D361B4BFAED0098608F /* Controller */ = {
			isa = PBXGroup;
			children = (
				B2564D371B4BFAED0098608F /* JSHAnimationVC.h */,
				B2564D381B4BFAED0098608F /* JSHAnimationVC.m */,
				B2564D391B4BFAED0098608F /* JSHHotelRegisterVC.h */,
				B2564D3A1B4BFAED0098608F /* JSHHotelRegisterVC.m */,
				B2564D3B1B4BFAED0098608F /* JSHHotelRegisterVC.xib */,
			);
			path = Controller;
			sourceTree = "<group>";
		};
		B2564D3C1B4BFAED0098608F /* Model */ = {
			isa = PBXGroup;
			children = (
				B2564D3D1B4BFAED0098608F /* JSHAccountManager.h */,
				B2564D3E1B4BFAED0098608F /* JSHAccountManager.m */,
			);
			path = Model;
			sourceTree = "<group>";
		};
		B2564D3F1B4BFAED0098608F /* View */ = {
			isa = PBXGroup;
			children = (
				B2564D401B4BFAED0098608F /* JSHRegisterAnimationView.h */,
				B2564D411B4BFAED0098608F /* JSHRegisterAnimationView.m */,
				B2564D421B4BFAED0098608F /* RegisterAnimationView.xib */,
				B2564D491B4BFC370098608F /* JSHTextField.h */,
				B2564D4A1B4BFC370098608F /* JSHTextField.m */,
				B2564D4C1B4BFC470098608F /* JSHRoundRectButton.h */,
				B2564D4D1B4BFC470098608F /* JSHRoundRectButton.m */,
			);
			path = View;
			sourceTree = "<group>";
		};
		B2564D4F1B4BFE070098608F /* InfoCenter */ = {
			isa = PBXGroup;
			children = (
				B201C27B1B65D225004CA10C /* NotUsed */,
				B2564D501B4BFE070098608F /* Controller */,
				B2564D561B4BFE070098608F /* Model */,
				B2564D641B4BFE070098608F /* View */,
			);
			path = InfoCenter;
			sourceTree = "<group>";
		};
		B2564D501B4BFE070098608F /* Controller */ = {
			isa = PBXGroup;
			children = (
				B2564D531B4BFE070098608F /* JSHInfoEditVC.h */,
				B2564D541B4BFE070098608F /* JSHInfoEditVC.m */,
			);
			path = Controller;
			sourceTree = "<group>";
		};
		B2564D561B4BFE070098608F /* Model */ = {
			isa = PBXGroup;
			children = (
				B2564D571B4BFE070098608F /* JSHBaseInfo.h */,
				B2564D581B4BFE070098608F /* JSHBaseInfo.m */,
				B2564D5B1B4BFE070098608F /* JSHInfoEditHeaderFrame.h */,
				B2564D5C1B4BFE070098608F /* JSHInfoEditHeaderFrame.m */,
				B2564D5F1B4BFE070098608F /* JSHInfoEditSelection.plist */,
			);
			path = Model;
			sourceTree = "<group>";
		};
		B2564D641B4BFE070098608F /* View */ = {
			isa = PBXGroup;
			children = (
				B2564D6A1B4BFE070098608F /* JSHInfoEditHeader.h */,
				B2564D6B1B4BFE070098608F /* JSHInfoEditHeader.m */,
			);
			path = View;
			sourceTree = "<group>";
		};
		B2A6420F1B47C2A700AF0F28 /* Book */ = {
			isa = PBXGroup;
			children = (
				B2A642101B47C2A700AF0F28 /* Controller */,
				B2A642141B47C2A700AF0F28 /* Model */,
				B2A642161B47C2A700AF0F28 /* View */,
				B2A6421D1B47C2A700AF0F28 /* Widget */,
			);
			path = Book;
			sourceTree = "<group>";
		};
		B2A642101B47C2A700AF0F28 /* Controller */ = {
			isa = PBXGroup;
			children = (
				B2A642111B47C2A700AF0F28 /* BookConfirmVC.swift */,
				B2A642121B47C2A700AF0F28 /* BookPayVC.swift */,
				B2A642131B47C2A700AF0F28 /* BookVC.swift */,
				B26C0E1F1B5FBC1A00F8AE46 /* BookHotelListTVC.swift */,
				B21250C11B7496610056835D /* BookListRightMenuVC.swift */,
			);
			path = Controller;
			sourceTree = "<group>";
		};
		B2A642141B47C2A700AF0F28 /* Model */ = {
			isa = PBXGroup;
			children = (
				B2A642151B47C2A700AF0F28 /* RoomGoods.swift */,
				B2FF5A0B1B4918AC00139E49 /* BookOrder.swift */,
				B27004091B608ABF00B1BEA7 /* Hotel.swift */,
			);
			path = Model;
			sourceTree = "<group>";
		};
		B2A642161B47C2A700AF0F28 /* View */ = {
			isa = PBXGroup;
			children = (
				B2A642171B47C2A700AF0F28 /* BookConfirmVC.xib */,
				B2A642181B47C2A700AF0F28 /* BookItemButton.swift */,
				B2A642191B47C2A700AF0F28 /* BookPayVC.xib */,
				B2A6421A1B47C2A700AF0F28 /* BookRoomCell.swift */,
				B2A6421B1B47C2A700AF0F28 /* BookRoomCell.xib */,
				B2A6421C1B47C2A700AF0F28 /* BookVC.xib */,
				B277F8C71B4A5D3900A9F858 /* BookDateButton.swift */,
				B26C0E231B5FBC9F00F8AE46 /* BookHotelListCell.xib */,
				B21250C31B74A1A50056835D /* BookListRightMenuCell.xib */,
			);
			path = View;
			sourceTree = "<group>";
		};
		B2A6421D1B47C2A700AF0F28 /* Widget */ = {
			isa = PBXGroup;
			children = (
				B277F8C11B4A59AA00A9F858 /* UIImageEffects.h */,
				B277F8C21B4A59AA00A9F858 /* UIImageEffects.m */,
				B277F8C31B4A59AA00A9F858 /* BlurDatePickerView.h */,
				B277F8C41B4A59AA00A9F858 /* BlurDatePickerView.m */,
			);
			path = Widget;
			sourceTree = "<group>";
		};
		B2F471671B4B6CB4005122BB /* AliPay */ = {
			isa = PBXGroup;
			children = (
				B23E536A1B4BB64C00CB7761 /* Util */,
				B2F471721B4B7F61005122BB /* PartnerConfig.h */,
				B2F4716F1B4B7B21005122BB /* AlipayOrder.h */,
				B2F471701B4B7B21005122BB /* AlipayOrder.m */,
				B2F471681B4B6CF0005122BB /* AlipaySDK.bundle */,
				B2F471691B4B6CF0005122BB /* AlipaySDK.framework */,
			);
			path = AliPay;
			sourceTree = "<group>";
		};
		B2F49E891B7347A200556AE2 /* UMSocial */ = {
			isa = PBXGroup;
			children = (
				B2F49E8A1B7347A200556AE2 /* UMSocial_Sdk_4.2.3 */,
				B2F49EA51B7347A200556AE2 /* UMSocial_Sdk_Extra_Frameworks */,
			);
			path = UMSocial;
			sourceTree = "<group>";
		};
		B2F49E8A1B7347A200556AE2 /* UMSocial_Sdk_4.2.3 */ = {
			isa = PBXGroup;
			children = (
				B2F49E8B1B7347A200556AE2 /* UMSocialLocalizable.strings */,
				B2F49E8D1B7347A200556AE2 /* Header */,
				B2F49E991B7347A200556AE2 /* libUMSocial_Sdk_4.2.3.a */,
				B2F49E9A1B7347A200556AE2 /* SocialSDKXib */,
				B2F49EA31B7347A200556AE2 /* UMSocialSDKResourcesNew.bundle */,
			);
			path = UMSocial_Sdk_4.2.3;
			sourceTree = "<group>";
		};
		B2F49E8D1B7347A200556AE2 /* Header */ = {
			isa = PBXGroup;
			children = (
				B2F49E8E1B7347A200556AE2 /* UMSocial.h */,
				B2F49E8F1B7347A200556AE2 /* UMSocialAccountManager.h */,
				B2F49E901B7347A200556AE2 /* UMSocialBar.h */,
				B2F49E911B7347A200556AE2 /* UMSocialConfig.h */,
				B2F49E921B7347A200556AE2 /* UMSocialControllerService.h */,
				B2F49E931B7347A200556AE2 /* UMSocialControllerServiceComment.h */,
				B2F49E941B7347A200556AE2 /* UMSocialData.h */,
				B2F49E951B7347A200556AE2 /* UMSocialDataService.h */,
				B2F49E961B7347A200556AE2 /* UMSocialSnsData.h */,
				B2F49E971B7347A200556AE2 /* UMSocialSnsPlatformManager.h */,
				B2F49E981B7347A200556AE2 /* UMSocialSnsService.h */,
			);
			path = Header;
			sourceTree = "<group>";
		};
		B2F49E9A1B7347A200556AE2 /* SocialSDKXib */ = {
			isa = PBXGroup;
			children = (
				B2F49E9B1B7347A200556AE2 /* UMSCommentDetailController.xib */,
				B2F49E9C1B7347A200556AE2 /* UMSCommentInputController.xib */,
				B2F49E9D1B7347A200556AE2 /* UMSCommentInputControlleriPad.xib */,
				B2F49E9E1B7347A200556AE2 /* UMShareEditViewController.xib */,
				B2F49E9F1B7347A200556AE2 /* UMShareEditViewControlleriPad.xib */,
				B2F49EA01B7347A200556AE2 /* UMSLoginViewController.xib */,
				B2F49EA11B7347A200556AE2 /* UMSnsAccountViewController.xib */,
				B2F49EA21B7347A200556AE2 /* UMSShareListController.xib */,
			);
			path = SocialSDKXib;
			sourceTree = "<group>";
		};
		B2F49EA51B7347A200556AE2 /* UMSocial_Sdk_Extra_Frameworks */ = {
			isa = PBXGroup;
			children = (
				B2F49EA61B7347A200556AE2 /* Wechat */,
			);
			path = UMSocial_Sdk_Extra_Frameworks;
			sourceTree = "<group>";
		};
		B2F49EA61B7347A200556AE2 /* Wechat */ = {
			isa = PBXGroup;
			children = (
				B2F49EA71B7347A200556AE2 /* libSocialWechat.a */,
				B2F49EA81B7347A200556AE2 /* libWeChatSDK.a */,
				B2F49EA91B7347A200556AE2 /* UMSocialWechatHandler.h */,
				B2F49EAA1B7347A200556AE2 /* WXApi.h */,
				B2F49EAB1B7347A200556AE2 /* WXApiObject.h */,
			);
			path = Wechat;
			sourceTree = "<group>";
		};
		D8D0F96B75FA018B7CF90312 /* Frameworks */ = {
			isa = PBXGroup;
			children = (
				B2B2EC3E1B73494E00CA5158 /* libsqlite3.0.dylib */,
				B2B2EC3C1B73493D00CA5158 /* libc++.dylib */,
				404C184B1B5368FE00F11122 /* libz.dylib */,
				B23E53841B4BBB1500CB7761 /* SystemConfiguration.framework */,
				46501E00CF356A221CE759C9 /* libPods-SVIP.a */,
			);
			name = Frameworks;
			sourceTree = "<group>";
		};
/* End PBXGroup section */

/* Begin PBXNativeTarget section */
		40641EF71B3E569700CF150D /* SVIP */ = {
			isa = PBXNativeTarget;
			buildConfigurationList = 40641F171B3E569800CF150D /* Build configuration list for PBXNativeTarget "SVIP" */;
			buildPhases = (
				CE9D0013278675E332F984EB /* Check Pods Manifest.lock */,
				40641EF41B3E569700CF150D /* Sources */,
				40641EF51B3E569700CF150D /* Frameworks */,
				40641EF61B3E569700CF150D /* Resources */,
				667A5268AD89F73F6ECE5B4F /* Copy Pods Resources */,
			);
			buildRules = (
			);
			dependencies = (
			);
			name = SVIP;
			productName = SVIP;
			productReference = 40641EF81B3E569700CF150D /* SVIP.app */;
			productType = "com.apple.product-type.application";
		};
		40641F0C1B3E569800CF150D /* SVIPTests */ = {
			isa = PBXNativeTarget;
			buildConfigurationList = 40641F1A1B3E569800CF150D /* Build configuration list for PBXNativeTarget "SVIPTests" */;
			buildPhases = (
				40641F091B3E569800CF150D /* Sources */,
				40641F0A1B3E569800CF150D /* Frameworks */,
				40641F0B1B3E569800CF150D /* Resources */,
			);
			buildRules = (
			);
			dependencies = (
				40641F0F1B3E569800CF150D /* PBXTargetDependency */,
			);
			name = SVIPTests;
			productName = SVIPTests;
			productReference = 40641F0D1B3E569800CF150D /* SVIPTests.xctest */;
			productType = "com.apple.product-type.bundle.unit-test";
		};
/* End PBXNativeTarget section */

/* Begin PBXProject section */
		40641EF01B3E569700CF150D /* Project object */ = {
			isa = PBXProject;
			attributes = {
				LastSwiftUpdateCheck = 0700;
				LastUpgradeCheck = 0630;
				ORGANIZATIONNAME = zkjinshi;
				TargetAttributes = {
					40641EF71B3E569700CF150D = {
						CreatedOnToolsVersion = 6.3.2;
						DevelopmentTeam = ERF86L9T4U;
					};
					40641F0C1B3E569800CF150D = {
						CreatedOnToolsVersion = 6.3.2;
						TestTargetID = 40641EF71B3E569700CF150D;
					};
				};
			};
			buildConfigurationList = 40641EF31B3E569700CF150D /* Build configuration list for PBXProject "SVIP" */;
			compatibilityVersion = "Xcode 3.2";
			developmentRegion = English;
			hasScannedForEncodings = 0;
			knownRegions = (
				en,
				Base,
				"zh-Hans",
			);
			mainGroup = 40641EEF1B3E569700CF150D;
			productRefGroup = 40641EF91B3E569700CF150D /* Products */;
			projectDirPath = "";
			projectRoot = "";
			targets = (
				40641EF71B3E569700CF150D /* SVIP */,
				40641F0C1B3E569800CF150D /* SVIPTests */,
			);
		};
/* End PBXProject section */

/* Begin PBXResourcesBuildPhase section */
		40641EF61B3E569700CF150D /* Resources */ = {
			isa = PBXResourcesBuildPhase;
			buildActionMask = 2147483647;
			files = (
				B21250BD1B7484F80056835D /* LeftMenuVC.xib in Resources */,
				B2F49EAF1B7347A200556AE2 /* UMSCommentInputController.xib in Resources */,
				4052665C1B4128F900B277BE /* HotelMessageCell.xib in Resources */,
				405266571B4128E900B277BE /* OrderCell.xib in Resources */,
				B2F49EB11B7347A200556AE2 /* UMShareEditViewController.xib in Resources */,
				B21250C41B74A1A50056835D /* BookListRightMenuCell.xib in Resources */,
				4052663D1B4127B400B277BE /* OrderDetailVC.xib in Resources */,
				B2F4716A1B4B6CF0005122BB /* AlipaySDK.bundle in Resources */,
				B2F49EB61B7347A200556AE2 /* UMSocialSDKResourcesNew.bundle in Resources */,
				405266411B4127C500B277BE /* BookingOrderDetailVC.xib in Resources */,
				B2F49EB41B7347A200556AE2 /* UMSnsAccountViewController.xib in Resources */,
				B21250C01B7487B90056835D /* LeftMenu.plist in Resources */,
				B2564D781B4BFE070098608F /* JSHInfoEditSelection.plist in Resources */,
				B2F49EAE1B7347A200556AE2 /* UMSCommentDetailController.xib in Resources */,
				405266671B41470F00B277BE /* OrderListHeaderView.xib in Resources */,
				40641F081B3E569700CF150D /* LaunchScreen.xib in Resources */,
				B2F49EB01B7347A200556AE2 /* UMSCommentInputControlleriPad.xib in Resources */,
				B2A642221B47C2A700AF0F28 /* BookConfirmVC.xib in Resources */,
				B2564D451B4BFAED0098608F /* JSHHotelRegisterVC.xib in Resources */,
				B2F49EB21B7347A200556AE2 /* UMShareEditViewControlleriPad.xib in Resources */,
				405266521B41283900B277BE /* MainVC.xib in Resources */,
				B2F49EB51B7347A200556AE2 /* UMSShareListController.xib in Resources */,
				B201C2891B65D225004CA10C /* JSHInfoEditCell.xib in Resources */,
				B2F49EAC1B7347A200556AE2 /* UMSocialLocalizable.strings in Resources */,
				B2564D481B4BFAED0098608F /* RegisterAnimationView.xib in Resources */,
				B2F49EB31B7347A200556AE2 /* UMSLoginViewController.xib in Resources */,
				B2A642241B47C2A700AF0F28 /* BookPayVC.xib in Resources */,
				40641F051B3E569700CF150D /* Images.xcassets in Resources */,
				B26C0E241B5FBC9F00F8AE46 /* BookHotelListCell.xib in Resources */,
				B2A642261B47C2A700AF0F28 /* BookRoomCell.xib in Resources */,
				B2A642271B47C2A700AF0F28 /* BookVC.xib in Resources */,
			);
			runOnlyForDeploymentPostprocessing = 0;
		};
		40641F0B1B3E569800CF150D /* Resources */ = {
			isa = PBXResourcesBuildPhase;
			buildActionMask = 2147483647;
			files = (
			);
			runOnlyForDeploymentPostprocessing = 0;
		};
/* End PBXResourcesBuildPhase section */

/* Begin PBXShellScriptBuildPhase section */
		667A5268AD89F73F6ECE5B4F /* Copy Pods Resources */ = {
			isa = PBXShellScriptBuildPhase;
			buildActionMask = 2147483647;
			files = (
			);
			inputPaths = (
			);
			name = "Copy Pods Resources";
			outputPaths = (
			);
			runOnlyForDeploymentPostprocessing = 0;
			shellPath = /bin/sh;
			shellScript = "\"${SRCROOT}/Pods/Target Support Files/Pods-SVIP/Pods-SVIP-resources.sh\"\n";
			showEnvVarsInLog = 0;
		};
		CE9D0013278675E332F984EB /* Check Pods Manifest.lock */ = {
			isa = PBXShellScriptBuildPhase;
			buildActionMask = 2147483647;
			files = (
			);
			inputPaths = (
			);
			name = "Check Pods Manifest.lock";
			outputPaths = (
			);
			runOnlyForDeploymentPostprocessing = 0;
			shellPath = /bin/sh;
			shellScript = "diff \"${PODS_ROOT}/../Podfile.lock\" \"${PODS_ROOT}/Manifest.lock\" > /dev/null\nif [[ $? != 0 ]] ; then\n    cat << EOM\nerror: The sandbox is not in sync with the Podfile.lock. Run 'pod install' or update your CocoaPods installation.\nEOM\n    exit 1\nfi\n";
			showEnvVarsInLog = 0;
		};
/* End PBXShellScriptBuildPhase section */

/* Begin PBXSourcesBuildPhase section */
		40641EF41B3E569700CF150D /* Sources */ = {
			isa = PBXSourcesBuildPhase;
			buildActionMask = 2147483647;
			files = (
				B23E53831B4BB64C00CB7761 /* RSADataVerifier.m in Sources */,
				B201C2871B65D225004CA10C /* JSHCellModel.m in Sources */,
				B2A6421E1B47C2A700AF0F28 /* BookConfirmVC.swift in Sources */,
				B2564D841B4C012C0098608F /* JSHStorage.m in Sources */,
				B23E53801B4BB64C00CB7761 /* NSDataEx.m in Sources */,
				B23E53821B4BB64C00CB7761 /* RSADataSigner.m in Sources */,
				B277F8C61B4A59AA00A9F858 /* BlurDatePickerView.m in Sources */,
				40641FA11B3E79A300CF150D /* ZKJSHTTPSessionManager.m in Sources */,
				405266371B41279B00B277BE /* OrderListTVC.swift in Sources */,
				4052665B1B4128F900B277BE /* HotelMessageCell.swift in Sources */,
				404C18461B535A5F00F11122 /* NSData+AES256.m in Sources */,
				405BC0FC1B42495F00081C0A /* DotLine.swift in Sources */,
				B2564D471B4BFAED0098608F /* JSHRegisterAnimationView.m in Sources */,
				B270040A1B608ABF00B1BEA7 /* Hotel.swift in Sources */,
				4052663C1B4127B400B277BE /* OrderDetailVC.swift in Sources */,
				404C18401B5359E100F11122 /* ZKJSDiffie-HellmanProtocol.m in Sources */,
				B2A642231B47C2A700AF0F28 /* BookItemButton.swift in Sources */,
				40E686F81B45297400C9725B /* BookingOrder.swift in Sources */,
				B2564D7E1B4BFE070098608F /* JSHInfoEditHeader.m in Sources */,
				B2564D871B4C017F0098608F /* NSString+JSH.m in Sources */,
				B277F8C51B4A59AA00A9F858 /* UIImageEffects.m in Sources */,
				B23E53811B4BB64C00CB7761 /* openssl_wrapper.m in Sources */,
				405266511B41283900B277BE /* MainVC.swift in Sources */,
				B201C28B1B65D225004CA10C /* JSHSectionModel.m in Sources */,
				40641FA31B3E79A300CF150D /* ZKJSTCPSessionManager.m in Sources */,
				404C18501B53A46D00F11122 /* LogManager.swift in Sources */,
				405266561B4128E900B277BE /* OrderCell.swift in Sources */,
				404C36D31B6B4AE200E8C227 /* Message.swift in Sources */,
				404C184A1B53675300F11122 /* CompressingLogFileManager.m in Sources */,
				405266401B4127C500B277BE /* BookingOrderDetailVC.swift in Sources */,
				B2564D4E1B4BFC470098608F /* JSHRoundRectButton.m in Sources */,
				B2A642201B47C2A700AF0F28 /* BookVC.swift in Sources */,
				B2564D761B4BFE070098608F /* JSHInfoEditHeaderFrame.m in Sources */,
				B2FF5A0C1B4918AC00139E49 /* BookOrder.swift in Sources */,
				B23E537C1B4BB64C00CB7761 /* base64.m in Sources */,
				B2564D741B4BFE070098608F /* JSHBaseInfo.m in Sources */,
				407761881B4905E7009B6FE9 /* RuleEngine.swift in Sources */,
				B2F471711B4B7B21005122BB /* AlipayOrder.m in Sources */,
				40641FA51B3E79A300CF150D /* ZKJSTool.m in Sources */,
				B2564D441B4BFAED0098608F /* JSHHotelRegisterVC.m in Sources */,
				B21250B11B74586F0056835D /* LoginManager.swift in Sources */,
				401BBF181B5B7C8800774502 /* Persistent.swift in Sources */,
				B201C2881B65D225004CA10C /* JSHInfoEditCell.m in Sources */,
				405266491B4127F600B277BE /* ChatTVC.swift in Sources */,
				B21250BC1B7484F80056835D /* LeftMenuVC.swift in Sources */,
				B2A642251B47C2A700AF0F28 /* BookRoomCell.swift in Sources */,
				405065F51B4CC23100DF25C0 /* JSHAnimator.m in Sources */,
				B277F8C81B4A5D3900A9F858 /* BookDateButton.swift in Sources */,
				404CF5D31B6758E900BCFB44 /* EncryptionTransformer.swift in Sources */,
				40641FA21B3E79A300CF150D /* ZKJSHTTPSMSSessionManager.m in Sources */,
				40641F9D1B3E79A300CF150D /* NSString+ZKJS.m in Sources */,
				B23E537F1B4BB64C00CB7761 /* MD5DataSigner.m in Sources */,
				4052664A1B4127F600B277BE /* MessageCenterTVC.swift in Sources */,
				404CF5D51B676CC900BCFB44 /* EncryptionBinaryTransformer.swift in Sources */,
				B2A642211B47C2A700AF0F28 /* RoomGoods.swift in Sources */,
				B2564D461B4BFAED0098608F /* JSHAccountManager.m in Sources */,
				B23E537E1B4BB64C00CB7761 /* DataVerifier.m in Sources */,
				B21250C21B7496610056835D /* BookListRightMenuVC.swift in Sources */,
				B2564D721B4BFE070098608F /* JSHInfoEditVC.m in Sources */,
				B201C28C1B65D225004CA10C /* JSHUserInfo.m in Sources */,
				B23E537D1B4BB64C00CB7761 /* DataSigner.m in Sources */,
				B2564D4B1B4BFC370098608F /* JSHTextField.m in Sources */,
				B201C28A1B65D225004CA10C /* JSHInfoEditLabelLevel1Model.m in Sources */,
				40641FA01B3E79A300CF150D /* HTTPSessionManager.swift in Sources */,
				B2564D431B4BFAED0098608F /* JSHAnimationVC.m in Sources */,
				4053EB3C1B480B09009B0DE1 /* StorageManager.swift in Sources */,
				40DA7A031B463E850097CE3D /* JSHChatVC.m in Sources */,
				B2A6421F1B47C2A700AF0F28 /* BookPayVC.swift in Sources */,
				405266661B41470F00B277BE /* OrderListHeaderView.swift in Sources */,
				40641EFE1B3E569700CF150D /* AppDelegate.swift in Sources */,
				40641F9E1B3E79A300CF150D /* UIImage+ZKJS.m in Sources */,
				B26C0E201B5FBC1A00F8AE46 /* BookHotelListTVC.swift in Sources */,
				401BBF1B1B5B7F6500774502 /* SVIP.xcdatamodeld in Sources */,
			);
			runOnlyForDeploymentPostprocessing = 0;
		};
		40641F091B3E569800CF150D /* Sources */ = {
			isa = PBXSourcesBuildPhase;
			buildActionMask = 2147483647;
			files = (
				40641F141B3E569800CF150D /* SVIPTests.swift in Sources */,
			);
			runOnlyForDeploymentPostprocessing = 0;
		};
/* End PBXSourcesBuildPhase section */

/* Begin PBXTargetDependency section */
		40641F0F1B3E569800CF150D /* PBXTargetDependency */ = {
			isa = PBXTargetDependency;
			target = 40641EF71B3E569700CF150D /* SVIP */;
			targetProxy = 40641F0E1B3E569800CF150D /* PBXContainerItemProxy */;
		};
/* End PBXTargetDependency section */

/* Begin PBXVariantGroup section */
		40641F061B3E569700CF150D /* LaunchScreen.xib */ = {
			isa = PBXVariantGroup;
			children = (
				40641F071B3E569700CF150D /* Base */,
			);
			name = LaunchScreen.xib;
			sourceTree = "<group>";
		};
		B2F49E8B1B7347A200556AE2 /* UMSocialLocalizable.strings */ = {
			isa = PBXVariantGroup;
			children = (
				B2F49E8C1B7347A200556AE2 /* en */,
				B2F49EA41B7347A200556AE2 /* zh-Hans */,
			);
			name = UMSocialLocalizable.strings;
			sourceTree = "<group>";
		};
/* End PBXVariantGroup section */

/* Begin XCBuildConfiguration section */
		40641F151B3E569800CF150D /* Debug */ = {
			isa = XCBuildConfiguration;
			buildSettings = {
				ALWAYS_SEARCH_USER_PATHS = NO;
				CLANG_CXX_LANGUAGE_STANDARD = "gnu++0x";
				CLANG_CXX_LIBRARY = "libc++";
				CLANG_ENABLE_MODULES = YES;
				CLANG_ENABLE_OBJC_ARC = YES;
				CLANG_WARN_BOOL_CONVERSION = YES;
				CLANG_WARN_CONSTANT_CONVERSION = YES;
				CLANG_WARN_DIRECT_OBJC_ISA_USAGE = YES_ERROR;
				CLANG_WARN_EMPTY_BODY = YES;
				CLANG_WARN_ENUM_CONVERSION = YES;
				CLANG_WARN_INT_CONVERSION = YES;
				CLANG_WARN_OBJC_ROOT_CLASS = YES_ERROR;
				CLANG_WARN_UNREACHABLE_CODE = YES;
				CLANG_WARN__DUPLICATE_METHOD_MATCH = YES;
				"CODE_SIGN_IDENTITY[sdk=iphoneos*]" = "iPhone Developer";
				COPY_PHASE_STRIP = NO;
				DEBUG_INFORMATION_FORMAT = "dwarf-with-dsym";
				ENABLE_STRICT_OBJC_MSGSEND = YES;
				GCC_C_LANGUAGE_STANDARD = gnu99;
				GCC_DYNAMIC_NO_PIC = NO;
				GCC_NO_COMMON_BLOCKS = YES;
				GCC_OPTIMIZATION_LEVEL = 0;
				GCC_PREPROCESSOR_DEFINITIONS = (
					"DEBUG=1",
					"$(inherited)",
				);
				GCC_SYMBOLS_PRIVATE_EXTERN = NO;
				GCC_WARN_64_TO_32_BIT_CONVERSION = YES;
				GCC_WARN_ABOUT_RETURN_TYPE = YES_ERROR;
				GCC_WARN_UNDECLARED_SELECTOR = YES;
				GCC_WARN_UNINITIALIZED_AUTOS = YES_AGGRESSIVE;
				GCC_WARN_UNUSED_FUNCTION = YES;
				GCC_WARN_UNUSED_VARIABLE = YES;
				IPHONEOS_DEPLOYMENT_TARGET = 8.0;
				MTL_ENABLE_DEBUG_INFO = YES;
				ONLY_ACTIVE_ARCH = YES;
				SDKROOT = iphoneos;
				SWIFT_OPTIMIZATION_LEVEL = "-Onone";
			};
			name = Debug;
		};
		40641F161B3E569800CF150D /* Release */ = {
			isa = XCBuildConfiguration;
			buildSettings = {
				ALWAYS_SEARCH_USER_PATHS = NO;
				CLANG_CXX_LANGUAGE_STANDARD = "gnu++0x";
				CLANG_CXX_LIBRARY = "libc++";
				CLANG_ENABLE_MODULES = YES;
				CLANG_ENABLE_OBJC_ARC = YES;
				CLANG_WARN_BOOL_CONVERSION = YES;
				CLANG_WARN_CONSTANT_CONVERSION = YES;
				CLANG_WARN_DIRECT_OBJC_ISA_USAGE = YES_ERROR;
				CLANG_WARN_EMPTY_BODY = YES;
				CLANG_WARN_ENUM_CONVERSION = YES;
				CLANG_WARN_INT_CONVERSION = YES;
				CLANG_WARN_OBJC_ROOT_CLASS = YES_ERROR;
				CLANG_WARN_UNREACHABLE_CODE = YES;
				CLANG_WARN__DUPLICATE_METHOD_MATCH = YES;
				"CODE_SIGN_IDENTITY[sdk=iphoneos*]" = "iPhone Developer";
				COPY_PHASE_STRIP = NO;
				DEBUG_INFORMATION_FORMAT = "dwarf-with-dsym";
				ENABLE_NS_ASSERTIONS = NO;
				ENABLE_STRICT_OBJC_MSGSEND = YES;
				GCC_C_LANGUAGE_STANDARD = gnu99;
				GCC_NO_COMMON_BLOCKS = YES;
				GCC_WARN_64_TO_32_BIT_CONVERSION = YES;
				GCC_WARN_ABOUT_RETURN_TYPE = YES_ERROR;
				GCC_WARN_UNDECLARED_SELECTOR = YES;
				GCC_WARN_UNINITIALIZED_AUTOS = YES_AGGRESSIVE;
				GCC_WARN_UNUSED_FUNCTION = YES;
				GCC_WARN_UNUSED_VARIABLE = YES;
				IPHONEOS_DEPLOYMENT_TARGET = 8.0;
				MTL_ENABLE_DEBUG_INFO = NO;
				SDKROOT = iphoneos;
				VALIDATE_PRODUCT = YES;
			};
			name = Release;
		};
		40641F181B3E569800CF150D /* Debug */ = {
			isa = XCBuildConfiguration;
			baseConfigurationReference = B20AF80C4F4A999BFEFEA2AB /* Pods-SVIP.debug.xcconfig */;
			buildSettings = {
				ASSETCATALOG_COMPILER_APPICON_NAME = AppIcon;
				CLANG_ENABLE_MODULES = YES;
				CODE_SIGN_IDENTITY = "iPhone Developer";
				FRAMEWORK_SEARCH_PATHS = (
					"$(inherited)",
					"$(PROJECT_DIR)/Common",
					"$(PROJECT_DIR)/Common/AliPay",
				);
				HEADER_SEARCH_PATHS = (
					"$(inherited)",
					"\"${PODS_ROOT}/Headers/Public\"",
					"\"${PODS_ROOT}/Headers/Public/AFNetworking\"",
					"\"${PODS_ROOT}/Headers/Public/Colours\"",
					"\"${PODS_ROOT}/Headers/Public/DateTools\"",
					"\"${PODS_ROOT}/Headers/Public/EstimoteSDK\"",
					"\"${PODS_ROOT}/Headers/Public/MBProgressHUD\"",
					"\"${PODS_ROOT}/Headers/Public/MIBadgeButton\"",
					"\"${PODS_ROOT}/Headers/Public/MJExtension\"",
					"\"${PODS_ROOT}/Headers/Public/MJRefresh\"",
					"\"${PODS_ROOT}/Headers/Public/Masonry\"",
					"\"${PODS_ROOT}/Headers/Public/MessageDisplayKit\"",
					"\"${PODS_ROOT}/Headers/Public/PKYStepper\"",
					"\"${PODS_ROOT}/Headers/Public/SDWebImage\"",
					"\"${PODS_ROOT}/Headers/Public/SKTagView\"",
					"\"${PODS_ROOT}/Headers/Public/SSKeychain\"",
					"\"${PODS_ROOT}/Headers/Public/SWTableViewCell\"",
					"\"${PODS_ROOT}/Headers/Public/SocketRocket\"",
					"\"${PODS_ROOT}/Headers/Public/YXTMotionView\"",
					"\"${PODS_ROOT}/Headers/EstimoteSDK\"",
					"$(SRCROOT)/SVIP",
				);
				INFOPLIST_FILE = SVIP/Info.plist;
				IPHONEOS_DEPLOYMENT_TARGET = 8.0;
				LD_RUNPATH_SEARCH_PATHS = "$(inherited) @executable_path/Frameworks";
				LIBRARY_SEARCH_PATHS = (
					"$(inherited)",
					"$(PROJECT_DIR)/Common/UMSocial/UMSocial_Sdk_4.2.3",
					"$(PROJECT_DIR)/Common/UMSocial/UMSocial_Sdk_Extra_Frameworks/Wechat",
				);
				PRODUCT_NAME = "$(TARGET_NAME)";
				PROVISIONING_PROFILE = "985c2331-f32e-47ba-a8d9-6ae4a9cf0c8f";
				SWIFT_OBJC_BRIDGING_HEADER = "SVIP/SVIP-Bridging-Header.h";
				SWIFT_OPTIMIZATION_LEVEL = "-Onone";
				TARGETED_DEVICE_FAMILY = 1;
				VALID_ARCHS = "arm64 armv7 armv7s";
			};
			name = Debug;
		};
		40641F191B3E569800CF150D /* Release */ = {
			isa = XCBuildConfiguration;
			baseConfigurationReference = DAFE8F7DD4BA684404DF6065 /* Pods-SVIP.release.xcconfig */;
			buildSettings = {
				ASSETCATALOG_COMPILER_APPICON_NAME = AppIcon;
				CLANG_ENABLE_MODULES = YES;
				CODE_SIGN_IDENTITY = "iPhone Distribution: Shenzhen Zhongke Jinshi Technology Co., Ltd (ERF86L9T4U)";
				FRAMEWORK_SEARCH_PATHS = (
					"$(inherited)",
					"$(PROJECT_DIR)/Common",
					"$(PROJECT_DIR)/Common/AliPay",
				);
				HEADER_SEARCH_PATHS = (
					"$(inherited)",
					"\"${PODS_ROOT}/Headers/Public\"",
					"\"${PODS_ROOT}/Headers/Public/AFNetworking\"",
					"\"${PODS_ROOT}/Headers/Public/Colours\"",
					"\"${PODS_ROOT}/Headers/Public/DateTools\"",
					"\"${PODS_ROOT}/Headers/Public/EstimoteSDK\"",
					"\"${PODS_ROOT}/Headers/Public/MBProgressHUD\"",
					"\"${PODS_ROOT}/Headers/Public/MIBadgeButton\"",
					"\"${PODS_ROOT}/Headers/Public/MJExtension\"",
					"\"${PODS_ROOT}/Headers/Public/MJRefresh\"",
					"\"${PODS_ROOT}/Headers/Public/Masonry\"",
					"\"${PODS_ROOT}/Headers/Public/MessageDisplayKit\"",
					"\"${PODS_ROOT}/Headers/Public/PKYStepper\"",
					"\"${PODS_ROOT}/Headers/Public/SDWebImage\"",
					"\"${PODS_ROOT}/Headers/Public/SKTagView\"",
					"\"${PODS_ROOT}/Headers/Public/SSKeychain\"",
					"\"${PODS_ROOT}/Headers/Public/SWTableViewCell\"",
					"\"${PODS_ROOT}/Headers/Public/SocketRocket\"",
					"\"${PODS_ROOT}/Headers/Public/YXTMotionView\"",
					"\"${PODS_ROOT}/Headers/EstimoteSDK\"",
					"$(SRCROOT)/SVIP",
				);
				INFOPLIST_FILE = SVIP/Info.plist;
				IPHONEOS_DEPLOYMENT_TARGET = 8.0;
				LD_RUNPATH_SEARCH_PATHS = "$(inherited) @executable_path/Frameworks";
				LIBRARY_SEARCH_PATHS = (
					"$(inherited)",
					"$(PROJECT_DIR)/Common/UMSocial/UMSocial_Sdk_4.2.3",
					"$(PROJECT_DIR)/Common/UMSocial/UMSocial_Sdk_Extra_Frameworks/Wechat",
				);
				PRODUCT_NAME = "$(TARGET_NAME)";
				PROVISIONING_PROFILE = "330a391c-b4c1-4fd6-8556-8f9616f714c8";
				SWIFT_OBJC_BRIDGING_HEADER = "SVIP/SVIP-Bridging-Header.h";
				TARGETED_DEVICE_FAMILY = 1;
				VALID_ARCHS = "arm64 armv7 armv7s";
			};
			name = Release;
		};
		40641F1B1B3E569800CF150D /* Debug */ = {
			isa = XCBuildConfiguration;
			buildSettings = {
				BUNDLE_LOADER = "$(TEST_HOST)";
				FRAMEWORK_SEARCH_PATHS = (
					"$(SDKROOT)/Developer/Library/Frameworks",
					"$(inherited)",
				);
				GCC_PREPROCESSOR_DEFINITIONS = (
					"DEBUG=1",
					"$(inherited)",
				);
				INFOPLIST_FILE = SVIPTests/Info.plist;
				LD_RUNPATH_SEARCH_PATHS = "$(inherited) @executable_path/Frameworks @loader_path/Frameworks";
				PRODUCT_NAME = "$(TARGET_NAME)";
				TEST_HOST = "$(BUILT_PRODUCTS_DIR)/SVIP.app/SVIP";
			};
			name = Debug;
		};
		40641F1C1B3E569800CF150D /* Release */ = {
			isa = XCBuildConfiguration;
			buildSettings = {
				BUNDLE_LOADER = "$(TEST_HOST)";
				FRAMEWORK_SEARCH_PATHS = (
					"$(SDKROOT)/Developer/Library/Frameworks",
					"$(inherited)",
				);
				INFOPLIST_FILE = SVIPTests/Info.plist;
				LD_RUNPATH_SEARCH_PATHS = "$(inherited) @executable_path/Frameworks @loader_path/Frameworks";
				PRODUCT_NAME = "$(TARGET_NAME)";
				TEST_HOST = "$(BUILT_PRODUCTS_DIR)/SVIP.app/SVIP";
			};
			name = Release;
		};
/* End XCBuildConfiguration section */

/* Begin XCConfigurationList section */
		40641EF31B3E569700CF150D /* Build configuration list for PBXProject "SVIP" */ = {
			isa = XCConfigurationList;
			buildConfigurations = (
				40641F151B3E569800CF150D /* Debug */,
				40641F161B3E569800CF150D /* Release */,
			);
			defaultConfigurationIsVisible = 0;
			defaultConfigurationName = Release;
		};
		40641F171B3E569800CF150D /* Build configuration list for PBXNativeTarget "SVIP" */ = {
			isa = XCConfigurationList;
			buildConfigurations = (
				40641F181B3E569800CF150D /* Debug */,
				40641F191B3E569800CF150D /* Release */,
			);
			defaultConfigurationIsVisible = 0;
			defaultConfigurationName = Release;
		};
		40641F1A1B3E569800CF150D /* Build configuration list for PBXNativeTarget "SVIPTests" */ = {
			isa = XCConfigurationList;
			buildConfigurations = (
				40641F1B1B3E569800CF150D /* Debug */,
				40641F1C1B3E569800CF150D /* Release */,
			);
			defaultConfigurationIsVisible = 0;
			defaultConfigurationName = Release;
		};
/* End XCConfigurationList section */

/* Begin XCVersionGroup section */
		401BBF191B5B7F6500774502 /* SVIP.xcdatamodeld */ = {
			isa = XCVersionGroup;
			children = (
				401BBF1A1B5B7F6500774502 /* SVIP.xcdatamodel */,
			);
			currentVersion = 401BBF1A1B5B7F6500774502 /* SVIP.xcdatamodel */;
			path = SVIP.xcdatamodeld;
			sourceTree = "<group>";
			versionGroupType = wrapper.xcdatamodel;
		};
/* End XCVersionGroup section */
	};
	rootObject = 40641EF01B3E569700CF150D /* Project object */;
}
