// !$*UTF8*$!
{
	archiveVersion = 1;
	classes = {
	};
	objectVersion = 46;
	objects = {

/* Begin PBXBuildFile section */
		405266371B41279B00B277BE /* OrderListTVC.swift in Sources */ = {isa = PBXBuildFile; fileRef = 405266331B41279B00B277BE /* OrderListTVC.swift */; };
		4052663C1B4127B400B277BE /* OrderDetailVC.swift in Sources */ = {isa = PBXBuildFile; fileRef = 4052663A1B4127B400B277BE /* OrderDetailVC.swift */; };
		4052663D1B4127B400B277BE /* OrderDetailVC.xib in Resources */ = {isa = PBXBuildFile; fileRef = 4052663B1B4127B400B277BE /* OrderDetailVC.xib */; };
		405266401B4127C500B277BE /* BookingOrderDetailVC.swift in Sources */ = {isa = PBXBuildFile; fileRef = 4052663E1B4127C500B277BE /* BookingOrderDetailVC.swift */; };
		405266411B4127C500B277BE /* BookingOrderDetailVC.xib in Resources */ = {isa = PBXBuildFile; fileRef = 4052663F1B4127C500B277BE /* BookingOrderDetailVC.xib */; };
		405266491B4127F600B277BE /* ChatTVC.swift in Sources */ = {isa = PBXBuildFile; fileRef = 405266431B4127F600B277BE /* ChatTVC.swift */; };
		4052664A1B4127F600B277BE /* MessageCenterTVC.swift in Sources */ = {isa = PBXBuildFile; fileRef = 405266441B4127F600B277BE /* MessageCenterTVC.swift */; };
		405266511B41283900B277BE /* MainVC.swift in Sources */ = {isa = PBXBuildFile; fileRef = 4052664E1B41283900B277BE /* MainVC.swift */; };
		405266521B41283900B277BE /* MainVC.xib in Resources */ = {isa = PBXBuildFile; fileRef = 4052664F1B41283900B277BE /* MainVC.xib */; };
		405266561B4128E900B277BE /* OrderCell.swift in Sources */ = {isa = PBXBuildFile; fileRef = 405266541B4128E900B277BE /* OrderCell.swift */; };
		405266571B4128E900B277BE /* OrderCell.xib in Resources */ = {isa = PBXBuildFile; fileRef = 405266551B4128E900B277BE /* OrderCell.xib */; };
		4052665B1B4128F900B277BE /* HotelMessageCell.swift in Sources */ = {isa = PBXBuildFile; fileRef = 405266591B4128F900B277BE /* HotelMessageCell.swift */; };
		4052665C1B4128F900B277BE /* HotelMessageCell.xib in Resources */ = {isa = PBXBuildFile; fileRef = 4052665A1B4128F900B277BE /* HotelMessageCell.xib */; };
		405266661B41470F00B277BE /* OrderListHeaderView.swift in Sources */ = {isa = PBXBuildFile; fileRef = 405266641B41470F00B277BE /* OrderListHeaderView.swift */; };
		405266671B41470F00B277BE /* OrderListHeaderView.xib in Resources */ = {isa = PBXBuildFile; fileRef = 405266651B41470F00B277BE /* OrderListHeaderView.xib */; };
		4053EB3C1B480B09009B0DE1 /* StorageManager.swift in Sources */ = {isa = PBXBuildFile; fileRef = 4053EB3B1B480B09009B0DE1 /* StorageManager.swift */; };
		405BC0FC1B42495F00081C0A /* DotLine.swift in Sources */ = {isa = PBXBuildFile; fileRef = 405BC0FB1B42495F00081C0A /* DotLine.swift */; };
		40641EFE1B3E569700CF150D /* AppDelegate.swift in Sources */ = {isa = PBXBuildFile; fileRef = 40641EFD1B3E569700CF150D /* AppDelegate.swift */; };
		40641F051B3E569700CF150D /* Images.xcassets in Resources */ = {isa = PBXBuildFile; fileRef = 40641F041B3E569700CF150D /* Images.xcassets */; };
		40641F081B3E569700CF150D /* LaunchScreen.xib in Resources */ = {isa = PBXBuildFile; fileRef = 40641F061B3E569700CF150D /* LaunchScreen.xib */; };
		40641F141B3E569800CF150D /* SVIPTests.swift in Sources */ = {isa = PBXBuildFile; fileRef = 40641F131B3E569800CF150D /* SVIPTests.swift */; };
		40641F9D1B3E79A300CF150D /* NSString+ZKJS.m in Sources */ = {isa = PBXBuildFile; fileRef = 40641F891B3E79A300CF150D /* NSString+ZKJS.m */; };
		40641F9E1B3E79A300CF150D /* UIImage+ZKJS.m in Sources */ = {isa = PBXBuildFile; fileRef = 40641F8B1B3E79A300CF150D /* UIImage+ZKJS.m */; };
		40641FA01B3E79A300CF150D /* HTTPSessionManager.swift in Sources */ = {isa = PBXBuildFile; fileRef = 40641F901B3E79A300CF150D /* HTTPSessionManager.swift */; };
		40641FA11B3E79A300CF150D /* ZKJSHTTPSessionManager.m in Sources */ = {isa = PBXBuildFile; fileRef = 40641F931B3E79A300CF150D /* ZKJSHTTPSessionManager.m */; };
		40641FA21B3E79A300CF150D /* ZKJSHTTPSMSSessionManager.m in Sources */ = {isa = PBXBuildFile; fileRef = 40641F951B3E79A300CF150D /* ZKJSHTTPSMSSessionManager.m */; };
		40641FA31B3E79A300CF150D /* ZKJSTCPSessionManager.m in Sources */ = {isa = PBXBuildFile; fileRef = 40641F971B3E79A300CF150D /* ZKJSTCPSessionManager.m */; };
		40641FA51B3E79A300CF150D /* ZKJSTool.m in Sources */ = {isa = PBXBuildFile; fileRef = 40641F9C1B3E79A300CF150D /* ZKJSTool.m */; };
		40DA7A031B463E850097CE3D /* JSHChatVC.m in Sources */ = {isa = PBXBuildFile; fileRef = 40DA7A021B463E850097CE3D /* JSHChatVC.m */; };
		40E686F81B45297400C9725B /* BookingOrder.swift in Sources */ = {isa = PBXBuildFile; fileRef = 40E686F71B45297400C9725B /* BookingOrder.swift */; };
		B2A6421E1B47C2A700AF0F28 /* BookConfirmVC.swift in Sources */ = {isa = PBXBuildFile; fileRef = B2A642111B47C2A700AF0F28 /* BookConfirmVC.swift */; };
		B2A6421F1B47C2A700AF0F28 /* BookPayVC.swift in Sources */ = {isa = PBXBuildFile; fileRef = B2A642121B47C2A700AF0F28 /* BookPayVC.swift */; };
		B2A642201B47C2A700AF0F28 /* BookVC.swift in Sources */ = {isa = PBXBuildFile; fileRef = B2A642131B47C2A700AF0F28 /* BookVC.swift */; };
		B2A642211B47C2A700AF0F28 /* RoomGoods.swift in Sources */ = {isa = PBXBuildFile; fileRef = B2A642151B47C2A700AF0F28 /* RoomGoods.swift */; };
		B2A642221B47C2A700AF0F28 /* BookConfirmVC.xib in Resources */ = {isa = PBXBuildFile; fileRef = B2A642171B47C2A700AF0F28 /* BookConfirmVC.xib */; };
		B2A642231B47C2A700AF0F28 /* BookItemButton.swift in Sources */ = {isa = PBXBuildFile; fileRef = B2A642181B47C2A700AF0F28 /* BookItemButton.swift */; };
		B2A642241B47C2A700AF0F28 /* BookPayVC.xib in Resources */ = {isa = PBXBuildFile; fileRef = B2A642191B47C2A700AF0F28 /* BookPayVC.xib */; };
		B2A642251B47C2A700AF0F28 /* BookRoomCell.swift in Sources */ = {isa = PBXBuildFile; fileRef = B2A6421A1B47C2A700AF0F28 /* BookRoomCell.swift */; };
		B2A642261B47C2A700AF0F28 /* BookRoomCell.xib in Resources */ = {isa = PBXBuildFile; fileRef = B2A6421B1B47C2A700AF0F28 /* BookRoomCell.xib */; };
		B2A642271B47C2A700AF0F28 /* BookVC.xib in Resources */ = {isa = PBXBuildFile; fileRef = B2A6421C1B47C2A700AF0F28 /* BookVC.xib */; };
		B2FF5A0C1B4918AC00139E49 /* BookOrder.swift in Sources */ = {isa = PBXBuildFile; fileRef = B2FF5A0B1B4918AC00139E49 /* BookOrder.swift */; };
		C0C5BA42D3F8EB7E7B899613 /* libPods-SVIP.a in Frameworks */ = {isa = PBXBuildFile; fileRef = 46501E00CF356A221CE759C9 /* libPods-SVIP.a */; };
/* End PBXBuildFile section */

/* Begin PBXContainerItemProxy section */
		40641F0E1B3E569800CF150D /* PBXContainerItemProxy */ = {
			isa = PBXContainerItemProxy;
			containerPortal = 40641EF01B3E569700CF150D /* Project object */;
			proxyType = 1;
			remoteGlobalIDString = 40641EF71B3E569700CF150D;
			remoteInfo = SVIP;
		};
/* End PBXContainerItemProxy section */

/* Begin PBXFileReference section */
		405266331B41279B00B277BE /* OrderListTVC.swift */ = {isa = PBXFileReference; fileEncoding = 4; lastKnownFileType = sourcecode.swift; path = OrderListTVC.swift; sourceTree = "<group>"; };
		4052663A1B4127B400B277BE /* OrderDetailVC.swift */ = {isa = PBXFileReference; fileEncoding = 4; lastKnownFileType = sourcecode.swift; path = OrderDetailVC.swift; sourceTree = "<group>"; };
		4052663B1B4127B400B277BE /* OrderDetailVC.xib */ = {isa = PBXFileReference; fileEncoding = 4; lastKnownFileType = file.xib; path = OrderDetailVC.xib; sourceTree = "<group>"; };
		4052663E1B4127C500B277BE /* BookingOrderDetailVC.swift */ = {isa = PBXFileReference; fileEncoding = 4; lastKnownFileType = sourcecode.swift; path = BookingOrderDetailVC.swift; sourceTree = "<group>"; };
		4052663F1B4127C500B277BE /* BookingOrderDetailVC.xib */ = {isa = PBXFileReference; fileEncoding = 4; lastKnownFileType = file.xib; path = BookingOrderDetailVC.xib; sourceTree = "<group>"; };
		405266431B4127F600B277BE /* ChatTVC.swift */ = {isa = PBXFileReference; fileEncoding = 4; lastKnownFileType = sourcecode.swift; path = ChatTVC.swift; sourceTree = "<group>"; };
		405266441B4127F600B277BE /* MessageCenterTVC.swift */ = {isa = PBXFileReference; fileEncoding = 4; lastKnownFileType = sourcecode.swift; path = MessageCenterTVC.swift; sourceTree = "<group>"; };
		4052664E1B41283900B277BE /* MainVC.swift */ = {isa = PBXFileReference; fileEncoding = 4; lastKnownFileType = sourcecode.swift; path = MainVC.swift; sourceTree = "<group>"; };
		4052664F1B41283900B277BE /* MainVC.xib */ = {isa = PBXFileReference; fileEncoding = 4; lastKnownFileType = file.xib; path = MainVC.xib; sourceTree = "<group>"; };
		405266541B4128E900B277BE /* OrderCell.swift */ = {isa = PBXFileReference; fileEncoding = 4; lastKnownFileType = sourcecode.swift; path = OrderCell.swift; sourceTree = "<group>"; };
		405266551B4128E900B277BE /* OrderCell.xib */ = {isa = PBXFileReference; fileEncoding = 4; lastKnownFileType = file.xib; path = OrderCell.xib; sourceTree = "<group>"; };
		405266591B4128F900B277BE /* HotelMessageCell.swift */ = {isa = PBXFileReference; fileEncoding = 4; lastKnownFileType = sourcecode.swift; path = HotelMessageCell.swift; sourceTree = "<group>"; };
		4052665A1B4128F900B277BE /* HotelMessageCell.xib */ = {isa = PBXFileReference; fileEncoding = 4; lastKnownFileType = file.xib; path = HotelMessageCell.xib; sourceTree = "<group>"; };
		405266641B41470F00B277BE /* OrderListHeaderView.swift */ = {isa = PBXFileReference; fileEncoding = 4; lastKnownFileType = sourcecode.swift; path = OrderListHeaderView.swift; sourceTree = "<group>"; };
		405266651B41470F00B277BE /* OrderListHeaderView.xib */ = {isa = PBXFileReference; fileEncoding = 4; lastKnownFileType = file.xib; path = OrderListHeaderView.xib; sourceTree = "<group>"; };
		4053EB3B1B480B09009B0DE1 /* StorageManager.swift */ = {isa = PBXFileReference; fileEncoding = 4; lastKnownFileType = sourcecode.swift; name = StorageManager.swift; path = Helper/StorageManager.swift; sourceTree = "<group>"; };
		405BC0FB1B42495F00081C0A /* DotLine.swift */ = {isa = PBXFileReference; fileEncoding = 4; lastKnownFileType = sourcecode.swift; path = DotLine.swift; sourceTree = "<group>"; };
		40641EF81B3E569700CF150D /* SVIP.app */ = {isa = PBXFileReference; explicitFileType = wrapper.application; includeInIndex = 0; path = SVIP.app; sourceTree = BUILT_PRODUCTS_DIR; };
		40641EFC1B3E569700CF150D /* Info.plist */ = {isa = PBXFileReference; lastKnownFileType = text.plist.xml; path = Info.plist; sourceTree = "<group>"; };
		40641EFD1B3E569700CF150D /* AppDelegate.swift */ = {isa = PBXFileReference; lastKnownFileType = sourcecode.swift; path = AppDelegate.swift; sourceTree = "<group>"; };
		40641F041B3E569700CF150D /* Images.xcassets */ = {isa = PBXFileReference; lastKnownFileType = folder.assetcatalog; path = Images.xcassets; sourceTree = "<group>"; };
		40641F071B3E569700CF150D /* Base */ = {isa = PBXFileReference; lastKnownFileType = file.xib; name = Base; path = Base.lproj/LaunchScreen.xib; sourceTree = "<group>"; };
		40641F0D1B3E569800CF150D /* SVIPTests.xctest */ = {isa = PBXFileReference; explicitFileType = wrapper.cfbundle; includeInIndex = 0; path = SVIPTests.xctest; sourceTree = BUILT_PRODUCTS_DIR; };
		40641F121B3E569800CF150D /* Info.plist */ = {isa = PBXFileReference; lastKnownFileType = text.plist.xml; path = Info.plist; sourceTree = "<group>"; };
		40641F131B3E569800CF150D /* SVIPTests.swift */ = {isa = PBXFileReference; lastKnownFileType = sourcecode.swift; path = SVIPTests.swift; sourceTree = "<group>"; };
		40641F821B3E796D00CF150D /* SVIP-Bridging-Header.h */ = {isa = PBXFileReference; lastKnownFileType = sourcecode.c.h; path = "SVIP-Bridging-Header.h"; sourceTree = "<group>"; };
		40641F881B3E79A300CF150D /* NSString+ZKJS.h */ = {isa = PBXFileReference; fileEncoding = 4; lastKnownFileType = sourcecode.c.h; path = "NSString+ZKJS.h"; sourceTree = "<group>"; };
		40641F891B3E79A300CF150D /* NSString+ZKJS.m */ = {isa = PBXFileReference; fileEncoding = 4; lastKnownFileType = sourcecode.c.objc; path = "NSString+ZKJS.m"; sourceTree = "<group>"; };
		40641F8A1B3E79A300CF150D /* UIImage+ZKJS.h */ = {isa = PBXFileReference; fileEncoding = 4; lastKnownFileType = sourcecode.c.h; path = "UIImage+ZKJS.h"; sourceTree = "<group>"; };
		40641F8B1B3E79A300CF150D /* UIImage+ZKJS.m */ = {isa = PBXFileReference; fileEncoding = 4; lastKnownFileType = sourcecode.c.objc; path = "UIImage+ZKJS.m"; sourceTree = "<group>"; };
		40641F901B3E79A300CF150D /* HTTPSessionManager.swift */ = {isa = PBXFileReference; fileEncoding = 4; lastKnownFileType = sourcecode.swift; path = HTTPSessionManager.swift; sourceTree = "<group>"; };
		40641F911B3E79A300CF150D /* Networkcfg.h */ = {isa = PBXFileReference; fileEncoding = 4; lastKnownFileType = sourcecode.c.h; path = Networkcfg.h; sourceTree = "<group>"; };
		40641F921B3E79A300CF150D /* ZKJSHTTPSessionManager.h */ = {isa = PBXFileReference; fileEncoding = 4; lastKnownFileType = sourcecode.c.h; path = ZKJSHTTPSessionManager.h; sourceTree = "<group>"; };
		40641F931B3E79A300CF150D /* ZKJSHTTPSessionManager.m */ = {isa = PBXFileReference; fileEncoding = 4; lastKnownFileType = sourcecode.c.objc; path = ZKJSHTTPSessionManager.m; sourceTree = "<group>"; };
		40641F941B3E79A300CF150D /* ZKJSHTTPSMSSessionManager.h */ = {isa = PBXFileReference; fileEncoding = 4; lastKnownFileType = sourcecode.c.h; path = ZKJSHTTPSMSSessionManager.h; sourceTree = "<group>"; };
		40641F951B3E79A300CF150D /* ZKJSHTTPSMSSessionManager.m */ = {isa = PBXFileReference; fileEncoding = 4; lastKnownFileType = sourcecode.c.objc; path = ZKJSHTTPSMSSessionManager.m; sourceTree = "<group>"; };
		40641F961B3E79A300CF150D /* ZKJSTCPSessionManager.h */ = {isa = PBXFileReference; fileEncoding = 4; lastKnownFileType = sourcecode.c.h; path = ZKJSTCPSessionManager.h; sourceTree = "<group>"; };
		40641F971B3E79A300CF150D /* ZKJSTCPSessionManager.m */ = {isa = PBXFileReference; fileEncoding = 4; lastKnownFileType = sourcecode.c.objc; path = ZKJSTCPSessionManager.m; sourceTree = "<group>"; };
		40641F991B3E79A300CF150D /* Singleton.h */ = {isa = PBXFileReference; fileEncoding = 4; lastKnownFileType = sourcecode.c.h; path = Singleton.h; sourceTree = "<group>"; };
		40641F9B1B3E79A300CF150D /* ZKJSTool.h */ = {isa = PBXFileReference; fileEncoding = 4; lastKnownFileType = sourcecode.c.h; path = ZKJSTool.h; sourceTree = "<group>"; };
		40641F9C1B3E79A300CF150D /* ZKJSTool.m */ = {isa = PBXFileReference; fileEncoding = 4; lastKnownFileType = sourcecode.c.objc; path = ZKJSTool.m; sourceTree = "<group>"; };
		40DA7A011B463E850097CE3D /* JSHChatVC.h */ = {isa = PBXFileReference; fileEncoding = 4; lastKnownFileType = sourcecode.c.h; path = JSHChatVC.h; sourceTree = "<group>"; };
		40DA7A021B463E850097CE3D /* JSHChatVC.m */ = {isa = PBXFileReference; fileEncoding = 4; lastKnownFileType = sourcecode.c.objc; path = JSHChatVC.m; sourceTree = "<group>"; };
		40E686F71B45297400C9725B /* BookingOrder.swift */ = {isa = PBXFileReference; fileEncoding = 4; lastKnownFileType = sourcecode.swift; path = BookingOrder.swift; sourceTree = "<group>"; };
		46501E00CF356A221CE759C9 /* libPods-SVIP.a */ = {isa = PBXFileReference; explicitFileType = archive.ar; includeInIndex = 0; path = "libPods-SVIP.a"; sourceTree = BUILT_PRODUCTS_DIR; };
		B20AF80C4F4A999BFEFEA2AB /* Pods-SVIP.debug.xcconfig */ = {isa = PBXFileReference; includeInIndex = 1; lastKnownFileType = text.xcconfig; name = "Pods-SVIP.debug.xcconfig"; path = "Pods/Target Support Files/Pods-SVIP/Pods-SVIP.debug.xcconfig"; sourceTree = "<group>"; };
		B2A642111B47C2A700AF0F28 /* BookConfirmVC.swift */ = {isa = PBXFileReference; fileEncoding = 4; lastKnownFileType = sourcecode.swift; path = BookConfirmVC.swift; sourceTree = "<group>"; };
		B2A642121B47C2A700AF0F28 /* BookPayVC.swift */ = {isa = PBXFileReference; fileEncoding = 4; lastKnownFileType = sourcecode.swift; path = BookPayVC.swift; sourceTree = "<group>"; };
		B2A642131B47C2A700AF0F28 /* BookVC.swift */ = {isa = PBXFileReference; fileEncoding = 4; lastKnownFileType = sourcecode.swift; path = BookVC.swift; sourceTree = "<group>"; };
		B2A642151B47C2A700AF0F28 /* RoomGoods.swift */ = {isa = PBXFileReference; fileEncoding = 4; lastKnownFileType = sourcecode.swift; path = RoomGoods.swift; sourceTree = "<group>"; };
		B2A642171B47C2A700AF0F28 /* BookConfirmVC.xib */ = {isa = PBXFileReference; fileEncoding = 4; lastKnownFileType = file.xib; path = BookConfirmVC.xib; sourceTree = "<group>"; };
		B2A642181B47C2A700AF0F28 /* BookItemButton.swift */ = {isa = PBXFileReference; fileEncoding = 4; lastKnownFileType = sourcecode.swift; path = BookItemButton.swift; sourceTree = "<group>"; };
		B2A642191B47C2A700AF0F28 /* BookPayVC.xib */ = {isa = PBXFileReference; fileEncoding = 4; lastKnownFileType = file.xib; path = BookPayVC.xib; sourceTree = "<group>"; };
		B2A6421A1B47C2A700AF0F28 /* BookRoomCell.swift */ = {isa = PBXFileReference; fileEncoding = 4; lastKnownFileType = sourcecode.swift; path = BookRoomCell.swift; sourceTree = "<group>"; };
		B2A6421B1B47C2A700AF0F28 /* BookRoomCell.xib */ = {isa = PBXFileReference; fileEncoding = 4; lastKnownFileType = file.xib; path = BookRoomCell.xib; sourceTree = "<group>"; };
		B2A6421C1B47C2A700AF0F28 /* BookVC.xib */ = {isa = PBXFileReference; fileEncoding = 4; lastKnownFileType = file.xib; path = BookVC.xib; sourceTree = "<group>"; };
		B2FF5A0B1B4918AC00139E49 /* BookOrder.swift */ = {isa = PBXFileReference; fileEncoding = 4; lastKnownFileType = sourcecode.swift; path = BookOrder.swift; sourceTree = "<group>"; };
		DAFE8F7DD4BA684404DF6065 /* Pods-SVIP.release.xcconfig */ = {isa = PBXFileReference; includeInIndex = 1; lastKnownFileType = text.xcconfig; name = "Pods-SVIP.release.xcconfig"; path = "Pods/Target Support Files/Pods-SVIP/Pods-SVIP.release.xcconfig"; sourceTree = "<group>"; };
/* End PBXFileReference section */

/* Begin PBXFrameworksBuildPhase section */
		40641EF51B3E569700CF150D /* Frameworks */ = {
			isa = PBXFrameworksBuildPhase;
			buildActionMask = 2147483647;
			files = (
				C0C5BA42D3F8EB7E7B899613 /* libPods-SVIP.a in Frameworks */,
			);
			runOnlyForDeploymentPostprocessing = 0;
		};
		40641F0A1B3E569800CF150D /* Frameworks */ = {
			isa = PBXFrameworksBuildPhase;
			buildActionMask = 2147483647;
			files = (
			);
			runOnlyForDeploymentPostprocessing = 0;
		};
/* End PBXFrameworksBuildPhase section */

/* Begin PBXGroup section */
		35D3481E8EFB7901D0E20AFC /* Pods */ = {
			isa = PBXGroup;
			children = (
				B20AF80C4F4A999BFEFEA2AB /* Pods-SVIP.debug.xcconfig */,
				DAFE8F7DD4BA684404DF6065 /* Pods-SVIP.release.xcconfig */,
			);
			name = Pods;
			sourceTree = "<group>";
		};
		405266311B41279B00B277BE /* OrderList */ = {
			isa = PBXGroup;
			children = (
				405266321B41279B00B277BE /* Model */,
				405266631B41470F00B277BE /* HeaderView */,
				405266531B4128E900B277BE /* Cell */,
				405266331B41279B00B277BE /* OrderListTVC.swift */,
				4052663A1B4127B400B277BE /* OrderDetailVC.swift */,
				4052663B1B4127B400B277BE /* OrderDetailVC.xib */,
				4052663E1B4127C500B277BE /* BookingOrderDetailVC.swift */,
				4052663F1B4127C500B277BE /* BookingOrderDetailVC.xib */,
				405BC0FB1B42495F00081C0A /* DotLine.swift */,
			);
			path = OrderList;
			sourceTree = "<group>";
		};
		405266321B41279B00B277BE /* Model */ = {
			isa = PBXGroup;
			children = (
			);
			path = Model;
			sourceTree = "<group>";
		};
		405266421B4127F600B277BE /* MessageCenter */ = {
			isa = PBXGroup;
			children = (
				405266451B4127F600B277BE /* Model */,
				405266581B4128F900B277BE /* Cell */,
				405266441B4127F600B277BE /* MessageCenterTVC.swift */,
				405266431B4127F600B277BE /* ChatTVC.swift */,
			);
			path = MessageCenter;
			sourceTree = "<group>";
		};
		405266451B4127F600B277BE /* Model */ = {
			isa = PBXGroup;
			children = (
				40E686F71B45297400C9725B /* BookingOrder.swift */,
			);
			path = Model;
			sourceTree = "<group>";
		};
		4052664D1B41283900B277BE /* Main */ = {
			isa = PBXGroup;
			children = (
				405266501B41283900B277BE /* Model */,
				4052664E1B41283900B277BE /* MainVC.swift */,
				4052664F1B41283900B277BE /* MainVC.xib */,
			);
			path = Main;
			sourceTree = "<group>";
		};
		405266501B41283900B277BE /* Model */ = {
			isa = PBXGroup;
			children = (
			);
			path = Model;
			sourceTree = "<group>";
		};
		405266531B4128E900B277BE /* Cell */ = {
			isa = PBXGroup;
			children = (
				405266541B4128E900B277BE /* OrderCell.swift */,
				405266551B4128E900B277BE /* OrderCell.xib */,
			);
			path = Cell;
			sourceTree = "<group>";
		};
		405266581B4128F900B277BE /* Cell */ = {
			isa = PBXGroup;
			children = (
				405266591B4128F900B277BE /* HotelMessageCell.swift */,
				4052665A1B4128F900B277BE /* HotelMessageCell.xib */,
			);
			path = Cell;
			sourceTree = "<group>";
		};
		405266631B41470F00B277BE /* HeaderView */ = {
			isa = PBXGroup;
			children = (
				405266641B41470F00B277BE /* OrderListHeaderView.swift */,
				405266651B41470F00B277BE /* OrderListHeaderView.xib */,
			);
			path = HeaderView;
			sourceTree = "<group>";
		};
		4053EB3A1B480AE3009B0DE1 /* Helper */ = {
			isa = PBXGroup;
			children = (
				4053EB3B1B480B09009B0DE1 /* StorageManager.swift */,
			);
			name = Helper;
			sourceTree = "<group>";
		};
		40641EEF1B3E569700CF150D = {
			isa = PBXGroup;
			children = (
				40641F861B3E79A300CF150D /* Common */,
				40641EFA1B3E569700CF150D /* SVIP */,
				40641F101B3E569800CF150D /* SVIPTests */,
				40641EF91B3E569700CF150D /* Products */,
				35D3481E8EFB7901D0E20AFC /* Pods */,
				D8D0F96B75FA018B7CF90312 /* Frameworks */,
			);
			sourceTree = "<group>";
		};
		40641EF91B3E569700CF150D /* Products */ = {
			isa = PBXGroup;
			children = (
				40641EF81B3E569700CF150D /* SVIP.app */,
				40641F0D1B3E569800CF150D /* SVIPTests.xctest */,
			);
			name = Products;
			sourceTree = "<group>";
		};
		40641EFA1B3E569700CF150D /* SVIP */ = {
			isa = PBXGroup;
			children = (
				4053EB3A1B480AE3009B0DE1 /* Helper */,
				B2A6420F1B47C2A700AF0F28 /* Book */,
				40641EFD1B3E569700CF150D /* AppDelegate.swift */,
				4052664D1B41283900B277BE /* Main */,
				405266421B4127F600B277BE /* MessageCenter */,
				40DA7A001B463E850097CE3D /* Chat */,
				405266311B41279B00B277BE /* OrderList */,
				40641EFB1B3E569700CF150D /* Supporting Files */,
				40641F821B3E796D00CF150D /* SVIP-Bridging-Header.h */,
			);
			path = SVIP;
			sourceTree = "<group>";
		};
		40641EFB1B3E569700CF150D /* Supporting Files */ = {
			isa = PBXGroup;
			children = (
				40641F041B3E569700CF150D /* Images.xcassets */,
				40641F061B3E569700CF150D /* LaunchScreen.xib */,
				40641EFC1B3E569700CF150D /* Info.plist */,
			);
			name = "Supporting Files";
			sourceTree = "<group>";
		};
		40641F101B3E569800CF150D /* SVIPTests */ = {
			isa = PBXGroup;
			children = (
				40641F131B3E569800CF150D /* SVIPTests.swift */,
				40641F111B3E569800CF150D /* Supporting Files */,
			);
			path = SVIPTests;
			sourceTree = "<group>";
		};
		40641F111B3E569800CF150D /* Supporting Files */ = {
			isa = PBXGroup;
			children = (
				40641F121B3E569800CF150D /* Info.plist */,
			);
			name = "Supporting Files";
			sourceTree = "<group>";
		};
		40641F861B3E79A300CF150D /* Common */ = {
			isa = PBXGroup;
			children = (
				40641F871B3E79A300CF150D /* Category */,
				40641F8F1B3E79A300CF150D /* Networking */,
				40641F991B3E79A300CF150D /* Singleton.h */,
				40641F9A1B3E79A300CF150D /* Tool */,
			);
			path = Common;
			sourceTree = "<group>";
		};
		40641F871B3E79A300CF150D /* Category */ = {
			isa = PBXGroup;
			children = (
				40641F881B3E79A300CF150D /* NSString+ZKJS.h */,
				40641F891B3E79A300CF150D /* NSString+ZKJS.m */,
				40641F8A1B3E79A300CF150D /* UIImage+ZKJS.h */,
				40641F8B1B3E79A300CF150D /* UIImage+ZKJS.m */,
			);
			path = Category;
			sourceTree = "<group>";
		};
		40641F8F1B3E79A300CF150D /* Networking */ = {
			isa = PBXGroup;
			children = (
				40641F911B3E79A300CF150D /* Networkcfg.h */,
				40641F961B3E79A300CF150D /* ZKJSTCPSessionManager.h */,
				40641F971B3E79A300CF150D /* ZKJSTCPSessionManager.m */,
				40641F921B3E79A300CF150D /* ZKJSHTTPSessionManager.h */,
				40641F931B3E79A300CF150D /* ZKJSHTTPSessionManager.m */,
				40641F941B3E79A300CF150D /* ZKJSHTTPSMSSessionManager.h */,
				40641F951B3E79A300CF150D /* ZKJSHTTPSMSSessionManager.m */,
				40641F901B3E79A300CF150D /* HTTPSessionManager.swift */,
			);
			path = Networking;
			sourceTree = "<group>";
		};
		40641F9A1B3E79A300CF150D /* Tool */ = {
			isa = PBXGroup;
			children = (
				40641F9B1B3E79A300CF150D /* ZKJSTool.h */,
				40641F9C1B3E79A300CF150D /* ZKJSTool.m */,
			);
			path = Tool;
			sourceTree = "<group>";
		};
		40DA7A001B463E850097CE3D /* Chat */ = {
			isa = PBXGroup;
			children = (
				40DA7A011B463E850097CE3D /* JSHChatVC.h */,
				40DA7A021B463E850097CE3D /* JSHChatVC.m */,
			);
			path = Chat;
			sourceTree = "<group>";
		};
		B2A6420F1B47C2A700AF0F28 /* Book */ = {
			isa = PBXGroup;
			children = (
				B2A642101B47C2A700AF0F28 /* Controller */,
				B2A642141B47C2A700AF0F28 /* Model */,
				B2A642161B47C2A700AF0F28 /* View */,
				B2A6421D1B47C2A700AF0F28 /* Widget */,
			);
			path = Book;
			sourceTree = "<group>";
		};
		B2A642101B47C2A700AF0F28 /* Controller */ = {
			isa = PBXGroup;
			children = (
				B2A642111B47C2A700AF0F28 /* BookConfirmVC.swift */,
				B2A642121B47C2A700AF0F28 /* BookPayVC.swift */,
				B2A642131B47C2A700AF0F28 /* BookVC.swift */,
			);
			path = Controller;
			sourceTree = "<group>";
		};
		B2A642141B47C2A700AF0F28 /* Model */ = {
			isa = PBXGroup;
			children = (
				B2A642151B47C2A700AF0F28 /* RoomGoods.swift */,
				B2FF5A0B1B4918AC00139E49 /* BookOrder.swift */,
			);
			path = Model;
			sourceTree = "<group>";
		};
		B2A642161B47C2A700AF0F28 /* View */ = {
			isa = PBXGroup;
			children = (
				B2A642171B47C2A700AF0F28 /* BookConfirmVC.xib */,
				B2A642181B47C2A700AF0F28 /* BookItemButton.swift */,
				B2A642191B47C2A700AF0F28 /* BookPayVC.xib */,
				B2A6421A1B47C2A700AF0F28 /* BookRoomCell.swift */,
				B2A6421B1B47C2A700AF0F28 /* BookRoomCell.xib */,
				B2A6421C1B47C2A700AF0F28 /* BookVC.xib */,
			);
			path = View;
			sourceTree = "<group>";
		};
		B2A6421D1B47C2A700AF0F28 /* Widget */ = {
			isa = PBXGroup;
			children = (
			);
			path = Widget;
			sourceTree = "<group>";
		};
		D8D0F96B75FA018B7CF90312 /* Frameworks */ = {
			isa = PBXGroup;
			children = (
				46501E00CF356A221CE759C9 /* libPods-SVIP.a */,
			);
			name = Frameworks;
			sourceTree = "<group>";
		};
/* End PBXGroup section */

/* Begin PBXNativeTarget section */
		40641EF71B3E569700CF150D /* SVIP */ = {
			isa = PBXNativeTarget;
			buildConfigurationList = 40641F171B3E569800CF150D /* Build configuration list for PBXNativeTarget "SVIP" */;
			buildPhases = (
				CE9D0013278675E332F984EB /* Check Pods Manifest.lock */,
				40641EF41B3E569700CF150D /* Sources */,
				40641EF51B3E569700CF150D /* Frameworks */,
				40641EF61B3E569700CF150D /* Resources */,
				667A5268AD89F73F6ECE5B4F /* Copy Pods Resources */,
			);
			buildRules = (
			);
			dependencies = (
			);
			name = SVIP;
			productName = SVIP;
			productReference = 40641EF81B3E569700CF150D /* SVIP.app */;
			productType = "com.apple.product-type.application";
		};
		40641F0C1B3E569800CF150D /* SVIPTests */ = {
			isa = PBXNativeTarget;
			buildConfigurationList = 40641F1A1B3E569800CF150D /* Build configuration list for PBXNativeTarget "SVIPTests" */;
			buildPhases = (
				40641F091B3E569800CF150D /* Sources */,
				40641F0A1B3E569800CF150D /* Frameworks */,
				40641F0B1B3E569800CF150D /* Resources */,
			);
			buildRules = (
			);
			dependencies = (
				40641F0F1B3E569800CF150D /* PBXTargetDependency */,
			);
			name = SVIPTests;
			productName = SVIPTests;
			productReference = 40641F0D1B3E569800CF150D /* SVIPTests.xctest */;
			productType = "com.apple.product-type.bundle.unit-test";
		};
/* End PBXNativeTarget section */

/* Begin PBXProject section */
		40641EF01B3E569700CF150D /* Project object */ = {
			isa = PBXProject;
			attributes = {
				LastSwiftUpdateCheck = 0700;
				LastUpgradeCheck = 0630;
				ORGANIZATIONNAME = zkjinshi;
				TargetAttributes = {
					40641EF71B3E569700CF150D = {
						CreatedOnToolsVersion = 6.3.2;
						DevelopmentTeam = ERF86L9T4U;
					};
					40641F0C1B3E569800CF150D = {
						CreatedOnToolsVersion = 6.3.2;
						TestTargetID = 40641EF71B3E569700CF150D;
					};
				};
			};
			buildConfigurationList = 40641EF31B3E569700CF150D /* Build configuration list for PBXProject "SVIP" */;
			compatibilityVersion = "Xcode 3.2";
			developmentRegion = English;
			hasScannedForEncodings = 0;
			knownRegions = (
				en,
				Base,
			);
			mainGroup = 40641EEF1B3E569700CF150D;
			productRefGroup = 40641EF91B3E569700CF150D /* Products */;
			projectDirPath = "";
			projectRoot = "";
			targets = (
				40641EF71B3E569700CF150D /* SVIP */,
				40641F0C1B3E569800CF150D /* SVIPTests */,
			);
		};
/* End PBXProject section */

/* Begin PBXResourcesBuildPhase section */
		40641EF61B3E569700CF150D /* Resources */ = {
			isa = PBXResourcesBuildPhase;
			buildActionMask = 2147483647;
			files = (
				4052665C1B4128F900B277BE /* HotelMessageCell.xib in Resources */,
				405266571B4128E900B277BE /* OrderCell.xib in Resources */,
				4052663D1B4127B400B277BE /* OrderDetailVC.xib in Resources */,
				405266411B4127C500B277BE /* BookingOrderDetailVC.xib in Resources */,
				405266671B41470F00B277BE /* OrderListHeaderView.xib in Resources */,
				40641F081B3E569700CF150D /* LaunchScreen.xib in Resources */,
				B2A642221B47C2A700AF0F28 /* BookConfirmVC.xib in Resources */,
				405266521B41283900B277BE /* MainVC.xib in Resources */,
				B2A642241B47C2A700AF0F28 /* BookPayVC.xib in Resources */,
				40641F051B3E569700CF150D /* Images.xcassets in Resources */,
				B2A642261B47C2A700AF0F28 /* BookRoomCell.xib in Resources */,
				B2A642271B47C2A700AF0F28 /* BookVC.xib in Resources */,
			);
			runOnlyForDeploymentPostprocessing = 0;
		};
		40641F0B1B3E569800CF150D /* Resources */ = {
			isa = PBXResourcesBuildPhase;
			buildActionMask = 2147483647;
			files = (
			);
			runOnlyForDeploymentPostprocessing = 0;
		};
/* End PBXResourcesBuildPhase section */

/* Begin PBXShellScriptBuildPhase section */
		667A5268AD89F73F6ECE5B4F /* Copy Pods Resources */ = {
			isa = PBXShellScriptBuildPhase;
			buildActionMask = 2147483647;
			files = (
			);
			inputPaths = (
			);
			name = "Copy Pods Resources";
			outputPaths = (
			);
			runOnlyForDeploymentPostprocessing = 0;
			shellPath = /bin/sh;
			shellScript = "\"${SRCROOT}/Pods/Target Support Files/Pods-SVIP/Pods-SVIP-resources.sh\"\n";
			showEnvVarsInLog = 0;
		};
		CE9D0013278675E332F984EB /* Check Pods Manifest.lock */ = {
			isa = PBXShellScriptBuildPhase;
			buildActionMask = 2147483647;
			files = (
			);
			inputPaths = (
			);
			name = "Check Pods Manifest.lock";
			outputPaths = (
			);
			runOnlyForDeploymentPostprocessing = 0;
			shellPath = /bin/sh;
			shellScript = "diff \"${PODS_ROOT}/../Podfile.lock\" \"${PODS_ROOT}/Manifest.lock\" > /dev/null\nif [[ $? != 0 ]] ; then\n    cat << EOM\nerror: The sandbox is not in sync with the Podfile.lock. Run 'pod install' or update your CocoaPods installation.\nEOM\n    exit 1\nfi\n";
			showEnvVarsInLog = 0;
		};
/* End PBXShellScriptBuildPhase section */

/* Begin PBXSourcesBuildPhase section */
		40641EF41B3E569700CF150D /* Sources */ = {
			isa = PBXSourcesBuildPhase;
			buildActionMask = 2147483647;
			files = (
				B2A6421E1B47C2A700AF0F28 /* BookConfirmVC.swift in Sources */,
				40641FA11B3E79A300CF150D /* ZKJSHTTPSessionManager.m in Sources */,
				405266371B41279B00B277BE /* OrderListTVC.swift in Sources */,
				4052665B1B4128F900B277BE /* HotelMessageCell.swift in Sources */,
				405BC0FC1B42495F00081C0A /* DotLine.swift in Sources */,
				4052663C1B4127B400B277BE /* OrderDetailVC.swift in Sources */,
				B2A642231B47C2A700AF0F28 /* BookItemButton.swift in Sources */,
				40E686F81B45297400C9725B /* BookingOrder.swift in Sources */,
				405266511B41283900B277BE /* MainVC.swift in Sources */,
				40641FA31B3E79A300CF150D /* ZKJSTCPSessionManager.m in Sources */,
				405266561B4128E900B277BE /* OrderCell.swift in Sources */,
				405266401B4127C500B277BE /* BookingOrderDetailVC.swift in Sources */,
				B2A642201B47C2A700AF0F28 /* BookVC.swift in Sources */,
				B2FF5A0C1B4918AC00139E49 /* BookOrder.swift in Sources */,
				40641FA51B3E79A300CF150D /* ZKJSTool.m in Sources */,
				405266491B4127F600B277BE /* ChatTVC.swift in Sources */,
				B2A642251B47C2A700AF0F28 /* BookRoomCell.swift in Sources */,
				40641FA21B3E79A300CF150D /* ZKJSHTTPSMSSessionManager.m in Sources */,
				40641F9D1B3E79A300CF150D /* NSString+ZKJS.m in Sources */,
				4052664A1B4127F600B277BE /* MessageCenterTVC.swift in Sources */,
				B2A642211B47C2A700AF0F28 /* RoomGoods.swift in Sources */,
				40641FA01B3E79A300CF150D /* HTTPSessionManager.swift in Sources */,
				4053EB3C1B480B09009B0DE1 /* StorageManager.swift in Sources */,
				40DA7A031B463E850097CE3D /* JSHChatVC.m in Sources */,
				B2A6421F1B47C2A700AF0F28 /* BookPayVC.swift in Sources */,
				405266661B41470F00B277BE /* OrderListHeaderView.swift in Sources */,
				40641EFE1B3E569700CF150D /* AppDelegate.swift in Sources */,
				40641F9E1B3E79A300CF150D /* UIImage+ZKJS.m in Sources */,
			);
			runOnlyForDeploymentPostprocessing = 0;
		};
		40641F091B3E569800CF150D /* Sources */ = {
			isa = PBXSourcesBuildPhase;
			buildActionMask = 2147483647;
			files = (
				40641F141B3E569800CF150D /* SVIPTests.swift in Sources */,
			);
			runOnlyForDeploymentPostprocessing = 0;
		};
/* End PBXSourcesBuildPhase section */

/* Begin PBXTargetDependency section */
		40641F0F1B3E569800CF150D /* PBXTargetDependency */ = {
			isa = PBXTargetDependency;
			target = 40641EF71B3E569700CF150D /* SVIP */;
			targetProxy = 40641F0E1B3E569800CF150D /* PBXContainerItemProxy */;
		};
/* End PBXTargetDependency section */

/* Begin PBXVariantGroup section */
		40641F061B3E569700CF150D /* LaunchScreen.xib */ = {
			isa = PBXVariantGroup;
			children = (
				40641F071B3E569700CF150D /* Base */,
			);
			name = LaunchScreen.xib;
			sourceTree = "<group>";
		};
/* End PBXVariantGroup section */

/* Begin XCBuildConfiguration section */
		40641F151B3E569800CF150D /* Debug */ = {
			isa = XCBuildConfiguration;
			buildSettings = {
				ALWAYS_SEARCH_USER_PATHS = NO;
				CLANG_CXX_LANGUAGE_STANDARD = "gnu++0x";
				CLANG_CXX_LIBRARY = "libc++";
				CLANG_ENABLE_MODULES = YES;
				CLANG_ENABLE_OBJC_ARC = YES;
				CLANG_WARN_BOOL_CONVERSION = YES;
				CLANG_WARN_CONSTANT_CONVERSION = YES;
				CLANG_WARN_DIRECT_OBJC_ISA_USAGE = YES_ERROR;
				CLANG_WARN_EMPTY_BODY = YES;
				CLANG_WARN_ENUM_CONVERSION = YES;
				CLANG_WARN_INT_CONVERSION = YES;
				CLANG_WARN_OBJC_ROOT_CLASS = YES_ERROR;
				CLANG_WARN_UNREACHABLE_CODE = YES;
				CLANG_WARN__DUPLICATE_METHOD_MATCH = YES;
				"CODE_SIGN_IDENTITY[sdk=iphoneos*]" = "iPhone Developer";
				COPY_PHASE_STRIP = NO;
				DEBUG_INFORMATION_FORMAT = "dwarf-with-dsym";
				ENABLE_STRICT_OBJC_MSGSEND = YES;
				GCC_C_LANGUAGE_STANDARD = gnu99;
				GCC_DYNAMIC_NO_PIC = NO;
				GCC_NO_COMMON_BLOCKS = YES;
				GCC_OPTIMIZATION_LEVEL = 0;
				GCC_PREPROCESSOR_DEFINITIONS = (
					"DEBUG=1",
					"$(inherited)",
				);
				GCC_SYMBOLS_PRIVATE_EXTERN = NO;
				GCC_WARN_64_TO_32_BIT_CONVERSION = YES;
				GCC_WARN_ABOUT_RETURN_TYPE = YES_ERROR;
				GCC_WARN_UNDECLARED_SELECTOR = YES;
				GCC_WARN_UNINITIALIZED_AUTOS = YES_AGGRESSIVE;
				GCC_WARN_UNUSED_FUNCTION = YES;
				GCC_WARN_UNUSED_VARIABLE = YES;
				IPHONEOS_DEPLOYMENT_TARGET = 8.3;
				MTL_ENABLE_DEBUG_INFO = YES;
				ONLY_ACTIVE_ARCH = YES;
				SDKROOT = iphoneos;
				SWIFT_OPTIMIZATION_LEVEL = "-Onone";
			};
			name = Debug;
		};
		40641F161B3E569800CF150D /* Release */ = {
			isa = XCBuildConfiguration;
			buildSettings = {
				ALWAYS_SEARCH_USER_PATHS = NO;
				CLANG_CXX_LANGUAGE_STANDARD = "gnu++0x";
				CLANG_CXX_LIBRARY = "libc++";
				CLANG_ENABLE_MODULES = YES;
				CLANG_ENABLE_OBJC_ARC = YES;
				CLANG_WARN_BOOL_CONVERSION = YES;
				CLANG_WARN_CONSTANT_CONVERSION = YES;
				CLANG_WARN_DIRECT_OBJC_ISA_USAGE = YES_ERROR;
				CLANG_WARN_EMPTY_BODY = YES;
				CLANG_WARN_ENUM_CONVERSION = YES;
				CLANG_WARN_INT_CONVERSION = YES;
				CLANG_WARN_OBJC_ROOT_CLASS = YES_ERROR;
				CLANG_WARN_UNREACHABLE_CODE = YES;
				CLANG_WARN__DUPLICATE_METHOD_MATCH = YES;
				"CODE_SIGN_IDENTITY[sdk=iphoneos*]" = "iPhone Developer";
				COPY_PHASE_STRIP = NO;
				DEBUG_INFORMATION_FORMAT = "dwarf-with-dsym";
				ENABLE_NS_ASSERTIONS = NO;
				ENABLE_STRICT_OBJC_MSGSEND = YES;
				GCC_C_LANGUAGE_STANDARD = gnu99;
				GCC_NO_COMMON_BLOCKS = YES;
				GCC_WARN_64_TO_32_BIT_CONVERSION = YES;
				GCC_WARN_ABOUT_RETURN_TYPE = YES_ERROR;
				GCC_WARN_UNDECLARED_SELECTOR = YES;
				GCC_WARN_UNINITIALIZED_AUTOS = YES_AGGRESSIVE;
				GCC_WARN_UNUSED_FUNCTION = YES;
				GCC_WARN_UNUSED_VARIABLE = YES;
				IPHONEOS_DEPLOYMENT_TARGET = 8.3;
				MTL_ENABLE_DEBUG_INFO = NO;
				SDKROOT = iphoneos;
				VALIDATE_PRODUCT = YES;
			};
			name = Release;
		};
		40641F181B3E569800CF150D /* Debug */ = {
			isa = XCBuildConfiguration;
			baseConfigurationReference = B20AF80C4F4A999BFEFEA2AB /* Pods-SVIP.debug.xcconfig */;
			buildSettings = {
				ASSETCATALOG_COMPILER_APPICON_NAME = AppIcon;
				CLANG_ENABLE_MODULES = YES;
				CODE_SIGN_IDENTITY = "iPhone Developer";
				FRAMEWORK_SEARCH_PATHS = (
					"$(inherited)",
					"$(PROJECT_DIR)/Common",
				);
				INFOPLIST_FILE = SVIP/Info.plist;
				LD_RUNPATH_SEARCH_PATHS = "$(inherited) @executable_path/Frameworks";
				PRODUCT_NAME = "$(TARGET_NAME)";
				SWIFT_OBJC_BRIDGING_HEADER = "SVIP/SVIP-Bridging-Header.h";
				SWIFT_OPTIMIZATION_LEVEL = "-Onone";
			};
			name = Debug;
		};
		40641F191B3E569800CF150D /* Release */ = {
			isa = XCBuildConfiguration;
			baseConfigurationReference = DAFE8F7DD4BA684404DF6065 /* Pods-SVIP.release.xcconfig */;
			buildSettings = {
				ASSETCATALOG_COMPILER_APPICON_NAME = AppIcon;
				CLANG_ENABLE_MODULES = YES;
				CODE_SIGN_IDENTITY = "iPhone Developer";
				FRAMEWORK_SEARCH_PATHS = (
					"$(inherited)",
					"$(PROJECT_DIR)/Common",
				);
				INFOPLIST_FILE = SVIP/Info.plist;
				LD_RUNPATH_SEARCH_PATHS = "$(inherited) @executable_path/Frameworks";
				PRODUCT_NAME = "$(TARGET_NAME)";
				SWIFT_OBJC_BRIDGING_HEADER = "SVIP/SVIP-Bridging-Header.h";
			};
			name = Release;
		};
		40641F1B1B3E569800CF150D /* Debug */ = {
			isa = XCBuildConfiguration;
			buildSettings = {
				BUNDLE_LOADER = "$(TEST_HOST)";
				FRAMEWORK_SEARCH_PATHS = (
					"$(SDKROOT)/Developer/Library/Frameworks",
					"$(inherited)",
				);
				GCC_PREPROCESSOR_DEFINITIONS = (
					"DEBUG=1",
					"$(inherited)",
				);
				INFOPLIST_FILE = SVIPTests/Info.plist;
				LD_RUNPATH_SEARCH_PATHS = "$(inherited) @executable_path/Frameworks @loader_path/Frameworks";
				PRODUCT_NAME = "$(TARGET_NAME)";
				TEST_HOST = "$(BUILT_PRODUCTS_DIR)/SVIP.app/SVIP";
			};
			name = Debug;
		};
		40641F1C1B3E569800CF150D /* Release */ = {
			isa = XCBuildConfiguration;
			buildSettings = {
				BUNDLE_LOADER = "$(TEST_HOST)";
				FRAMEWORK_SEARCH_PATHS = (
					"$(SDKROOT)/Developer/Library/Frameworks",
					"$(inherited)",
				);
				INFOPLIST_FILE = SVIPTests/Info.plist;
				LD_RUNPATH_SEARCH_PATHS = "$(inherited) @executable_path/Frameworks @loader_path/Frameworks";
				PRODUCT_NAME = "$(TARGET_NAME)";
				TEST_HOST = "$(BUILT_PRODUCTS_DIR)/SVIP.app/SVIP";
			};
			name = Release;
		};
/* End XCBuildConfiguration section */

/* Begin XCConfigurationList section */
		40641EF31B3E569700CF150D /* Build configuration list for PBXProject "SVIP" */ = {
			isa = XCConfigurationList;
			buildConfigurations = (
				40641F151B3E569800CF150D /* Debug */,
				40641F161B3E569800CF150D /* Release */,
			);
			defaultConfigurationIsVisible = 0;
			defaultConfigurationName = Release;
		};
		40641F171B3E569800CF150D /* Build configuration list for PBXNativeTarget "SVIP" */ = {
			isa = XCConfigurationList;
			buildConfigurations = (
				40641F181B3E569800CF150D /* Debug */,
				40641F191B3E569800CF150D /* Release */,
			);
			defaultConfigurationIsVisible = 0;
			defaultConfigurationName = Release;
		};
		40641F1A1B3E569800CF150D /* Build configuration list for PBXNativeTarget "SVIPTests" */ = {
			isa = XCConfigurationList;
			buildConfigurations = (
				40641F1B1B3E569800CF150D /* Debug */,
				40641F1C1B3E569800CF150D /* Release */,
			);
			defaultConfigurationIsVisible = 0;
			defaultConfigurationName = Release;
		};
/* End XCConfigurationList section */
	};
	rootObject = 40641EF01B3E569700CF150D /* Project object */;
}
